// !$*UTF8*$!
{
	archiveVersion = 1;
	classes = {
	};
	objectVersion = 51;
	objects = {

/* Begin PBXBuildFile section */
		1E022E9D273FD62F006B51DF /* WillConvertTableViewCell.swift in Sources */ = {isa = PBXBuildFile; fileRef = 1E022E9B273FD62F006B51DF /* WillConvertTableViewCell.swift */; };
		1E022EA0273FE18E006B51DF /* MediaView.swift in Sources */ = {isa = PBXBuildFile; fileRef = 1E022E9F273FE18E006B51DF /* MediaView.swift */; };
		1E022EA32741838B006B51DF /* CMTime+TimeToString.swift in Sources */ = {isa = PBXBuildFile; fileRef = 1E022EA22741838B006B51DF /* CMTime+TimeToString.swift */; };
		1E022EA827422522006B51DF /* DidConvertedViewController.swift in Sources */ = {isa = PBXBuildFile; fileRef = 1E022EA727422522006B51DF /* DidConvertedViewController.swift */; };
		1E022EAA27422DB3006B51DF /* ConvertView.swift in Sources */ = {isa = PBXBuildFile; fileRef = 1E022EA927422DB3006B51DF /* ConvertView.swift */; };
		1E0AC7BD2778361000AC82A8 /* InfoPlist.strings in Resources */ = {isa = PBXBuildFile; fileRef = 1E0AC7BF2778361000AC82A8 /* InfoPlist.strings */; };
		1E0AC7CC277856CE00AC82A8 /* String+Localization.swift in Sources */ = {isa = PBXBuildFile; fileRef = 1E0AC7CB277856CE00AC82A8 /* String+Localization.swift */; };
		1E0AC7CD27786B0B00AC82A8 /* Localizable.strings in Resources */ = {isa = PBXBuildFile; fileRef = 1E0AC7C92778554000AC82A8 /* Localizable.strings */; };
		1E0AC7CF2779DC5300AC82A8 /* UIApplication+getMostTopVC.swift in Sources */ = {isa = PBXBuildFile; fileRef = 1E0AC7CE2779DC5200AC82A8 /* UIApplication+getMostTopVC.swift */; };
		1E17D3EF2748E8BE00027A82 /* TimeInterval+ToString.swift in Sources */ = {isa = PBXBuildFile; fileRef = 1E17D3EE2748E8BE00027A82 /* TimeInterval+ToString.swift */; };
		1E17D3F12748EF8000027A82 /* PHAsset+Thumbnail.swift in Sources */ = {isa = PBXBuildFile; fileRef = 1E17D3F02748EF8000027A82 /* PHAsset+Thumbnail.swift */; };
		1E17D3F5274A237200027A82 /* PlayerViewController.swift in Sources */ = {isa = PBXBuildFile; fileRef = 1E17D3F4274A237200027A82 /* PlayerViewController.swift */; };
		1E17D3F7274A295B00027A82 /* PlayerView.swift in Sources */ = {isa = PBXBuildFile; fileRef = 1E17D3F6274A295B00027A82 /* PlayerView.swift */; };
		1E17D3F9274A98FD00027A82 /* PlayerControlView.swift in Sources */ = {isa = PBXBuildFile; fileRef = 1E17D3F8274A98FD00027A82 /* PlayerControlView.swift */; };
		1E271E1627AFA4CE0052DA8E /* PlayerViewModel.swift in Sources */ = {isa = PBXBuildFile; fileRef = 1E271E1527AFA4CE0052DA8E /* PlayerViewModel.swift */; };
		1E271E1827B011B30052DA8E /* WillConvertViewModel.swift in Sources */ = {isa = PBXBuildFile; fileRef = 1E271E1727B011B30052DA8E /* WillConvertViewModel.swift */; };
		1E271E1A27B0B6070052DA8E /* DidConvertedViewModel.swift in Sources */ = {isa = PBXBuildFile; fileRef = 1E271E1927B0B6070052DA8E /* DidConvertedViewModel.swift */; };
		1E37135B278B07BB00F131C5 /* AssetPlayer.swift in Sources */ = {isa = PBXBuildFile; fileRef = 1E37135A278B07BB00F131C5 /* AssetPlayer.swift */; };
		1E37135D278B2D8000F131C5 /* Media.swift in Sources */ = {isa = PBXBuildFile; fileRef = 1E37135C278B2D8000F131C5 /* Media.swift */; };
		1E371361278B41D500F131C5 /* FetchMediaUseCase.swift in Sources */ = {isa = PBXBuildFile; fileRef = 1E371360278B41D500F131C5 /* FetchMediaUseCase.swift */; };
		1E371365278B4C0700F131C5 /* DefaultMediaRepository.swift in Sources */ = {isa = PBXBuildFile; fileRef = 1E371364278B4C0700F131C5 /* DefaultMediaRepository.swift */; };
		1E37136F278BF46B00F131C5 /* NowPlayableMetadata.swift in Sources */ = {isa = PBXBuildFile; fileRef = 1E37136E278BF46B00F131C5 /* NowPlayableMetadata.swift */; };
		1E371371278C22D700F131C5 /* NowPlayable.swift in Sources */ = {isa = PBXBuildFile; fileRef = 1E371370278C22D700F131C5 /* NowPlayable.swift */; };
		1E371373278C924300F131C5 /* NowPlayableCommand.swift in Sources */ = {isa = PBXBuildFile; fileRef = 1E371372278C924300F131C5 /* NowPlayableCommand.swift */; };
		1E371375278C92D000F131C5 /* NowPlayableError.swift in Sources */ = {isa = PBXBuildFile; fileRef = 1E371374278C92D000F131C5 /* NowPlayableError.swift */; };
		1E541E6A275FB1200078A519 /* WillConvertCoordinator.swift in Sources */ = {isa = PBXBuildFile; fileRef = 1E541E69275FB1200078A519 /* WillConvertCoordinator.swift */; };
		1E541E6E275FC0FD0078A519 /* AppFlowCoordinator.swift in Sources */ = {isa = PBXBuildFile; fileRef = 1E541E6D275FC0FD0078A519 /* AppFlowCoordinator.swift */; };
		1E541E70276080EC0078A519 /* AppDIContainer.swift in Sources */ = {isa = PBXBuildFile; fileRef = 1E541E6F276080EC0078A519 /* AppDIContainer.swift */; };
		1E541E732760B9840078A519 /* MainTabBarCoordinator.swift in Sources */ = {isa = PBXBuildFile; fileRef = 1E541E722760B9840078A519 /* MainTabBarCoordinator.swift */; };
		1E541E7527632DDC0078A519 /* DidConvertedCoordinator.swift in Sources */ = {isa = PBXBuildFile; fileRef = 1E541E7427632DDB0078A519 /* DidConvertedCoordinator.swift */; };
		1E541E8B276648600078A519 /* DiffableDataSource.swift in Sources */ = {isa = PBXBuildFile; fileRef = 1E541E8A276648600078A519 /* DiffableDataSource.swift */; };
		1E541E9C2769E7170078A519 /* Log.swift in Sources */ = {isa = PBXBuildFile; fileRef = 1E541E9B2769E7170078A519 /* Log.swift */; };
		1E6A8B292A2C87E000D2EA48 /* GoogleService-Info.plist in Resources */ = {isa = PBXBuildFile; fileRef = 1E6A8B282A2C87DF00D2EA48 /* GoogleService-Info.plist */; };
		1E6A8B2A2A2C87E000D2EA48 /* GoogleService-Info.plist in Resources */ = {isa = PBXBuildFile; fileRef = 1E6A8B282A2C87DF00D2EA48 /* GoogleService-Info.plist */; };
		1E6A8B2C2A2C8C0900D2EA48 /* 92631-lunarcrushsippner.json in Resources */ = {isa = PBXBuildFile; fileRef = 1E6A8B2B2A2C8C0900D2EA48 /* 92631-lunarcrushsippner.json */; };
		1E6A8B2D2A2C8C0900D2EA48 /* 92631-lunarcrushsippner.json in Resources */ = {isa = PBXBuildFile; fileRef = 1E6A8B2B2A2C8C0900D2EA48 /* 92631-lunarcrushsippner.json */; };
		1E6A8B302A2CBE8A00D2EA48 /* AudioInfo.swift in Sources */ = {isa = PBXBuildFile; fileRef = 1EC8592F27207424005A1F3B /* AudioInfo.swift */; };
		1E6A8B322A2CBECC00D2EA48 /* AVAsset+WriteAudioAndThumbnail.swift in Sources */ = {isa = PBXBuildFile; fileRef = 1EB2C79C272EF2FE004B1338 /* AVAsset+WriteAudioAndThumbnail.swift */; };
		1E6A8B342A2CC0A200D2EA48 /* Log.swift in Sources */ = {isa = PBXBuildFile; fileRef = 1E541E9B2769E7170078A519 /* Log.swift */; };
		1E6A8B352A2CC0A300D2EA48 /* Log.swift in Sources */ = {isa = PBXBuildFile; fileRef = 1E541E9B2769E7170078A519 /* Log.swift */; };
		1E6A8B372A2CC54900D2EA48 /* sampleVideoMOV.MOV in Resources */ = {isa = PBXBuildFile; fileRef = 1E6A8B362A2CC54900D2EA48 /* sampleVideoMOV.MOV */; };
		1E7B347D2A361454008AC0F0 /* UnitTestForXcodeCloudTestFail.swift in Sources */ = {isa = PBXBuildFile; fileRef = 1E7B347C2A361454008AC0F0 /* UnitTestForXcodeCloudTestFail.swift */; };
		1E8F4BF827C560620005B4AB /* PlayerListTableViewCell.swift in Sources */ = {isa = PBXBuildFile; fileRef = 1E8F4BF727C560620005B4AB /* PlayerListTableViewCell.swift */; };
		1E9B0C252743982200150ABD /* HeaderView.swift in Sources */ = {isa = PBXBuildFile; fileRef = 1E9B0C242743982200150ABD /* HeaderView.swift */; };
		1E9B0C292745150600150ABD /* VideoListViewController.swift in Sources */ = {isa = PBXBuildFile; fileRef = 1E9B0C282745150600150ABD /* VideoListViewController.swift */; };
		1E9B0C2B274757B700150ABD /* VideoListCollectionViewCell.swift in Sources */ = {isa = PBXBuildFile; fileRef = 1E9B0C2A274757B700150ABD /* VideoListCollectionViewCell.swift */; };
		1E9F2E4A274CE879006E4FB0 /* Settings.bundle in Resources */ = {isa = PBXBuildFile; fileRef = 1E9F2E49274CE879006E4FB0 /* Settings.bundle */; };
		1E9F2E5F27525C47006E4FB0 /* UIColor+AssetsColor.swift in Sources */ = {isa = PBXBuildFile; fileRef = 1E9F2E5E27525C47006E4FB0 /* UIColor+AssetsColor.swift */; };
		1E9F2E61275267EE006E4FB0 /* MainTabBarController.swift in Sources */ = {isa = PBXBuildFile; fileRef = 1E9F2E60275267EE006E4FB0 /* MainTabBarController.swift */; };
		1E9F2E7D275CDDEB006E4FB0 /* AssetManager.swift in Sources */ = {isa = PBXBuildFile; fileRef = 1E9F2E7C275CDDEB006E4FB0 /* AssetManager.swift */; };
		1EA1EEDD2721B85800C22C2C /* AudioConverter.swift in Sources */ = {isa = PBXBuildFile; fileRef = 1EA1EEDC2721B85800C22C2C /* AudioConverter.swift */; };
		1EA1EEE12723095F00C22C2C /* FileHelper.swift in Sources */ = {isa = PBXBuildFile; fileRef = 1EA1EEE02723095F00C22C2C /* FileHelper.swift */; };
		1EA1EEE32723145000C22C2C /* FileHelperTests.swift in Sources */ = {isa = PBXBuildFile; fileRef = 1EA1EEE22723145000C22C2C /* FileHelperTests.swift */; };
		1EA1EEE42723191900C22C2C /* FileHelper.swift in Sources */ = {isa = PBXBuildFile; fileRef = 1EA1EEE02723095F00C22C2C /* FileHelper.swift */; };
		1EA1EEE927243C5300C22C2C /* AudioConverter.swift in Sources */ = {isa = PBXBuildFile; fileRef = 1EA1EEDC2721B85800C22C2C /* AudioConverter.swift */; };
		1EB2C79D272EF2FE004B1338 /* AVAsset+WriteAudioAndThumbnail.swift in Sources */ = {isa = PBXBuildFile; fileRef = 1EB2C79C272EF2FE004B1338 /* AVAsset+WriteAudioAndThumbnail.swift */; };
		1EB2C7AA27312B5F004B1338 /* AVAsset+WriteAudioTests.swift in Sources */ = {isa = PBXBuildFile; fileRef = 1EB2C7A927312B5F004B1338 /* AVAsset+WriteAudioTests.swift */; };
		1EC858FD27204044005A1F3B /* AppDelegate.swift in Sources */ = {isa = PBXBuildFile; fileRef = 1EC858FC27204044005A1F3B /* AppDelegate.swift */; };
		1EC858FF27204044005A1F3B /* SceneDelegate.swift in Sources */ = {isa = PBXBuildFile; fileRef = 1EC858FE27204044005A1F3B /* SceneDelegate.swift */; };
		1EC8590127204044005A1F3B /* WillConvertViewController.swift in Sources */ = {isa = PBXBuildFile; fileRef = 1EC8590027204044005A1F3B /* WillConvertViewController.swift */; };
		1EC8590427204044005A1F3B /* Main.storyboard in Resources */ = {isa = PBXBuildFile; fileRef = 1EC8590227204044005A1F3B /* Main.storyboard */; };
		1EC8590627204047005A1F3B /* Assets.xcassets in Resources */ = {isa = PBXBuildFile; fileRef = 1EC8590527204047005A1F3B /* Assets.xcassets */; };
		1EC8590927204047005A1F3B /* LaunchScreen.storyboard in Resources */ = {isa = PBXBuildFile; fileRef = 1EC8590727204047005A1F3B /* LaunchScreen.storyboard */; };
		1EC8591427204047005A1F3B /* VideoConverterTests.swift in Sources */ = {isa = PBXBuildFile; fileRef = 1EC8591327204047005A1F3B /* VideoConverterTests.swift */; };
		1EC8591F27204047005A1F3B /* VideoConverterUITests.swift in Sources */ = {isa = PBXBuildFile; fileRef = 1EC8591E27204047005A1F3B /* VideoConverterUITests.swift */; };
		1EC8593027207424005A1F3B /* AudioInfo.swift in Sources */ = {isa = PBXBuildFile; fileRef = 1EC8592F27207424005A1F3B /* AudioInfo.swift */; };
		1ED67FAE2773AA9D0097ED88 /* SelectMorePhotosButton.swift in Sources */ = {isa = PBXBuildFile; fileRef = 1ED67FAD2773AA9C0097ED88 /* SelectMorePhotosButton.swift */; };
		1EDCF9702978522300737425 /* VideoListViewController.swift in Sources */ = {isa = PBXBuildFile; fileRef = 1E9B0C282745150600150ABD /* VideoListViewController.swift */; };
		1EDCF9712978522300737425 /* AudioInfo.swift in Sources */ = {isa = PBXBuildFile; fileRef = 1EC8592F27207424005A1F3B /* AudioInfo.swift */; };
		1EDCF9722978522300737425 /* Log.swift in Sources */ = {isa = PBXBuildFile; fileRef = 1E541E9B2769E7170078A519 /* Log.swift */; };
		1EDCF9732978522300737425 /* AVAsset+WriteAudioAndThumbnail.swift in Sources */ = {isa = PBXBuildFile; fileRef = 1EB2C79C272EF2FE004B1338 /* AVAsset+WriteAudioAndThumbnail.swift */; };
		1EDCF9742978522300737425 /* WillConvertViewController.swift in Sources */ = {isa = PBXBuildFile; fileRef = 1EC8590027204044005A1F3B /* WillConvertViewController.swift */; };
		1EDCF9752978522300737425 /* AudioConverter.swift in Sources */ = {isa = PBXBuildFile; fileRef = 1EA1EEDC2721B85800C22C2C /* AudioConverter.swift */; };
		1EDCF9762978522300737425 /* PlayerViewController.swift in Sources */ = {isa = PBXBuildFile; fileRef = 1E17D3F4274A237200027A82 /* PlayerViewController.swift */; };
		1EDCF9772978522300737425 /* VideoListCollectionViewCell.swift in Sources */ = {isa = PBXBuildFile; fileRef = 1E9B0C2A274757B700150ABD /* VideoListCollectionViewCell.swift */; };
		1EDCF9782978522300737425 /* DidConvertedCoordinator.swift in Sources */ = {isa = PBXBuildFile; fileRef = 1E541E7427632DDB0078A519 /* DidConvertedCoordinator.swift */; };
		1EDCF9792978522300737425 /* Media.swift in Sources */ = {isa = PBXBuildFile; fileRef = 1E37135C278B2D8000F131C5 /* Media.swift */; };
		1EDCF97A2978522300737425 /* PHAsset+Thumbnail.swift in Sources */ = {isa = PBXBuildFile; fileRef = 1E17D3F02748EF8000027A82 /* PHAsset+Thumbnail.swift */; };
		1EDCF97B2978522300737425 /* AppDIContainer.swift in Sources */ = {isa = PBXBuildFile; fileRef = 1E541E6F276080EC0078A519 /* AppDIContainer.swift */; };
		1EDCF97C2978522300737425 /* AssetPlayer.swift in Sources */ = {isa = PBXBuildFile; fileRef = 1E37135A278B07BB00F131C5 /* AssetPlayer.swift */; };
		1EDCF97D2978522300737425 /* DidConvertedViewController.swift in Sources */ = {isa = PBXBuildFile; fileRef = 1E022EA727422522006B51DF /* DidConvertedViewController.swift */; };
		1EDCF97E2978522300737425 /* SelectMorePhotosButton.swift in Sources */ = {isa = PBXBuildFile; fileRef = 1ED67FAD2773AA9C0097ED88 /* SelectMorePhotosButton.swift */; };
		1EDCF97F2978522300737425 /* UIApplication+getMostTopVC.swift in Sources */ = {isa = PBXBuildFile; fileRef = 1E0AC7CE2779DC5200AC82A8 /* UIApplication+getMostTopVC.swift */; };
		1EDCF9802978522300737425 /* AppDelegate.swift in Sources */ = {isa = PBXBuildFile; fileRef = 1EC858FC27204044005A1F3B /* AppDelegate.swift */; };
		1EDCF9812978522300737425 /* CMTime+TimeToString.swift in Sources */ = {isa = PBXBuildFile; fileRef = 1E022EA22741838B006B51DF /* CMTime+TimeToString.swift */; };
		1EDCF9822978522300737425 /* PlayerControlView.swift in Sources */ = {isa = PBXBuildFile; fileRef = 1E17D3F8274A98FD00027A82 /* PlayerControlView.swift */; };
		1EDCF9832978522300737425 /* DefaultMediaRepository.swift in Sources */ = {isa = PBXBuildFile; fileRef = 1E371364278B4C0700F131C5 /* DefaultMediaRepository.swift */; };
		1EDCF9842978522300737425 /* WillConvertTableViewCell.swift in Sources */ = {isa = PBXBuildFile; fileRef = 1E022E9B273FD62F006B51DF /* WillConvertTableViewCell.swift */; };
		1EDCF9852978522300737425 /* NowPlayableMetadata.swift in Sources */ = {isa = PBXBuildFile; fileRef = 1E37136E278BF46B00F131C5 /* NowPlayableMetadata.swift */; };
		1EDCF9862978522300737425 /* ConvertView.swift in Sources */ = {isa = PBXBuildFile; fileRef = 1E022EA927422DB3006B51DF /* ConvertView.swift */; };
		1EDCF9872978522300737425 /* AppFlowCoordinator.swift in Sources */ = {isa = PBXBuildFile; fileRef = 1E541E6D275FC0FD0078A519 /* AppFlowCoordinator.swift */; };
		1EDCF9882978522300737425 /* PlayerListTableViewCell.swift in Sources */ = {isa = PBXBuildFile; fileRef = 1E8F4BF727C560620005B4AB /* PlayerListTableViewCell.swift */; };
		1EDCF9892978522300737425 /* SceneDelegate.swift in Sources */ = {isa = PBXBuildFile; fileRef = 1EC858FE27204044005A1F3B /* SceneDelegate.swift */; };
		1EDCF98A2978522300737425 /* DidConvertedViewModel.swift in Sources */ = {isa = PBXBuildFile; fileRef = 1E271E1927B0B6070052DA8E /* DidConvertedViewModel.swift */; };
		1EDCF98B2978522300737425 /* NowPlayableError.swift in Sources */ = {isa = PBXBuildFile; fileRef = 1E371374278C92D000F131C5 /* NowPlayableError.swift */; };
		1EDCF98C2978522300737425 /* AssetManager.swift in Sources */ = {isa = PBXBuildFile; fileRef = 1E9F2E7C275CDDEB006E4FB0 /* AssetManager.swift */; };
		1EDCF98D2978522300737425 /* DiffableDataSource.swift in Sources */ = {isa = PBXBuildFile; fileRef = 1E541E8A276648600078A519 /* DiffableDataSource.swift */; };
		1EDCF98E2978522300737425 /* FileHelper.swift in Sources */ = {isa = PBXBuildFile; fileRef = 1EA1EEE02723095F00C22C2C /* FileHelper.swift */; };
		1EDCF98F2978522300737425 /* WillConvertViewModel.swift in Sources */ = {isa = PBXBuildFile; fileRef = 1E271E1727B011B30052DA8E /* WillConvertViewModel.swift */; };
		1EDCF9902978522300737425 /* MainTabBarController.swift in Sources */ = {isa = PBXBuildFile; fileRef = 1E9F2E60275267EE006E4FB0 /* MainTabBarController.swift */; };
		1EDCF9912978522300737425 /* HeaderView.swift in Sources */ = {isa = PBXBuildFile; fileRef = 1E9B0C242743982200150ABD /* HeaderView.swift */; };
		1EDCF9922978522300737425 /* NowPlayable.swift in Sources */ = {isa = PBXBuildFile; fileRef = 1E371370278C22D700F131C5 /* NowPlayable.swift */; };
		1EDCF9932978522300737425 /* MediaView.swift in Sources */ = {isa = PBXBuildFile; fileRef = 1E022E9F273FE18E006B51DF /* MediaView.swift */; };
		1EDCF9942978522300737425 /* PlayerViewModel.swift in Sources */ = {isa = PBXBuildFile; fileRef = 1E271E1527AFA4CE0052DA8E /* PlayerViewModel.swift */; };
		1EDCF9952978522300737425 /* NowPlayableCommand.swift in Sources */ = {isa = PBXBuildFile; fileRef = 1E371372278C924300F131C5 /* NowPlayableCommand.swift */; };
		1EDCF9962978522300737425 /* FetchMediaUseCase.swift in Sources */ = {isa = PBXBuildFile; fileRef = 1E371360278B41D500F131C5 /* FetchMediaUseCase.swift */; };
		1EDCF9972978522300737425 /* PlayerView.swift in Sources */ = {isa = PBXBuildFile; fileRef = 1E17D3F6274A295B00027A82 /* PlayerView.swift */; };
		1EDCF9982978522300737425 /* MainTabBarCoordinator.swift in Sources */ = {isa = PBXBuildFile; fileRef = 1E541E722760B9840078A519 /* MainTabBarCoordinator.swift */; };
		1EDCF9992978522300737425 /* UIColor+AssetsColor.swift in Sources */ = {isa = PBXBuildFile; fileRef = 1E9F2E5E27525C47006E4FB0 /* UIColor+AssetsColor.swift */; };
		1EDCF99A2978522300737425 /* WillConvertCoordinator.swift in Sources */ = {isa = PBXBuildFile; fileRef = 1E541E69275FB1200078A519 /* WillConvertCoordinator.swift */; };
		1EDCF99B2978522300737425 /* TimeInterval+ToString.swift in Sources */ = {isa = PBXBuildFile; fileRef = 1E17D3EE2748E8BE00027A82 /* TimeInterval+ToString.swift */; };
		1EDCF99C2978522300737425 /* String+Localization.swift in Sources */ = {isa = PBXBuildFile; fileRef = 1E0AC7CB277856CE00AC82A8 /* String+Localization.swift */; };
		1EDCF9A02978522300737425 /* LaunchScreen.storyboard in Resources */ = {isa = PBXBuildFile; fileRef = 1EC8590727204047005A1F3B /* LaunchScreen.storyboard */; };
		1EDCF9A12978522300737425 /* InfoPlist.strings in Resources */ = {isa = PBXBuildFile; fileRef = 1E0AC7BF2778361000AC82A8 /* InfoPlist.strings */; };
		1EDCF9A22978522300737425 /* Assets.xcassets in Resources */ = {isa = PBXBuildFile; fileRef = 1EC8590527204047005A1F3B /* Assets.xcassets */; };
		1EDCF9A42978522300737425 /* Localizable.strings in Resources */ = {isa = PBXBuildFile; fileRef = 1E0AC7C92778554000AC82A8 /* Localizable.strings */; };
		1EDCF9A62978522300737425 /* Main.storyboard in Resources */ = {isa = PBXBuildFile; fileRef = 1EC8590227204044005A1F3B /* Main.storyboard */; };
		1EDCF9A72978522300737425 /* Settings.bundle in Resources */ = {isa = PBXBuildFile; fileRef = 1E9F2E49274CE879006E4FB0 /* Settings.bundle */; };
		954682AF95C26F7DCCB0EFBB /* Pods_VideoConverter_VideoConverterUITests.framework in Frameworks */ = {isa = PBXBuildFile; fileRef = 1D90F2F7A1162C07DEA3B47C /* Pods_VideoConverter_VideoConverterUITests.framework */; };
		97E4F9C9CA9E468D71346AFD /* Pods_VideoConverterTests.framework in Frameworks */ = {isa = PBXBuildFile; fileRef = 0259FDB19CC4577E1C4B0F36 /* Pods_VideoConverterTests.framework */; };
		98C5FB10E18C7C76920BC900 /* Pods_VideoConverter.framework in Frameworks */ = {isa = PBXBuildFile; fileRef = 417F38D5FD6E98A4C3C8D59E /* Pods_VideoConverter.framework */; };
		9ADF66E5163ED5CEFDB2E98C /* Pods_VideoConverter_Dev_VideoConverter.framework in Frameworks */ = {isa = PBXBuildFile; fileRef = 1FA00BF7B199381F7A780722 /* Pods_VideoConverter_Dev_VideoConverter.framework */; };
/* End PBXBuildFile section */

/* Begin PBXContainerItemProxy section */
		1EC8591027204047005A1F3B /* PBXContainerItemProxy */ = {
			isa = PBXContainerItemProxy;
			containerPortal = 1EC858F127204043005A1F3B /* Project object */;
			proxyType = 1;
			remoteGlobalIDString = 1EC858F827204043005A1F3B;
			remoteInfo = VideoConverter;
		};
		1EC8591B27204047005A1F3B /* PBXContainerItemProxy */ = {
			isa = PBXContainerItemProxy;
			containerPortal = 1EC858F127204043005A1F3B /* Project object */;
			proxyType = 1;
			remoteGlobalIDString = 1EC858F827204043005A1F3B;
			remoteInfo = VideoConverter;
		};
/* End PBXContainerItemProxy section */

/* Begin PBXFileReference section */
		0259FDB19CC4577E1C4B0F36 /* Pods_VideoConverterTests.framework */ = {isa = PBXFileReference; explicitFileType = wrapper.framework; includeInIndex = 0; path = Pods_VideoConverterTests.framework; sourceTree = BUILT_PRODUCTS_DIR; };
		1A10F206BBA4A0AF5F9F2F5B /* Pods-VideoConverterTests.release.xcconfig */ = {isa = PBXFileReference; includeInIndex = 1; lastKnownFileType = text.xcconfig; name = "Pods-VideoConverterTests.release.xcconfig"; path = "Target Support Files/Pods-VideoConverterTests/Pods-VideoConverterTests.release.xcconfig"; sourceTree = "<group>"; };
		1D90F2F7A1162C07DEA3B47C /* Pods_VideoConverter_VideoConverterUITests.framework */ = {isa = PBXFileReference; explicitFileType = wrapper.framework; includeInIndex = 0; path = Pods_VideoConverter_VideoConverterUITests.framework; sourceTree = BUILT_PRODUCTS_DIR; };
		1E022E9B273FD62F006B51DF /* WillConvertTableViewCell.swift */ = {isa = PBXFileReference; lastKnownFileType = sourcecode.swift; path = WillConvertTableViewCell.swift; sourceTree = "<group>"; };
		1E022E9F273FE18E006B51DF /* MediaView.swift */ = {isa = PBXFileReference; lastKnownFileType = sourcecode.swift; path = MediaView.swift; sourceTree = "<group>"; };
		1E022EA22741838B006B51DF /* CMTime+TimeToString.swift */ = {isa = PBXFileReference; lastKnownFileType = sourcecode.swift; path = "CMTime+TimeToString.swift"; sourceTree = "<group>"; };
		1E022EA727422522006B51DF /* DidConvertedViewController.swift */ = {isa = PBXFileReference; lastKnownFileType = sourcecode.swift; path = DidConvertedViewController.swift; sourceTree = "<group>"; };
		1E022EA927422DB3006B51DF /* ConvertView.swift */ = {isa = PBXFileReference; lastKnownFileType = sourcecode.swift; path = ConvertView.swift; sourceTree = "<group>"; };
		1E0AC7BE2778361000AC82A8 /* en */ = {isa = PBXFileReference; lastKnownFileType = text.plist.strings; name = en; path = en.lproj/InfoPlist.strings; sourceTree = "<group>"; };
		1E0AC7C82778554000AC82A8 /* en */ = {isa = PBXFileReference; lastKnownFileType = text.plist.strings; name = en; path = en.lproj/Localizable.strings; sourceTree = "<group>"; };
		1E0AC7CB277856CE00AC82A8 /* String+Localization.swift */ = {isa = PBXFileReference; lastKnownFileType = sourcecode.swift; path = "String+Localization.swift"; sourceTree = "<group>"; };
		1E0AC7CE2779DC5200AC82A8 /* UIApplication+getMostTopVC.swift */ = {isa = PBXFileReference; lastKnownFileType = sourcecode.swift; path = "UIApplication+getMostTopVC.swift"; sourceTree = "<group>"; };
		1E17D3EE2748E8BE00027A82 /* TimeInterval+ToString.swift */ = {isa = PBXFileReference; lastKnownFileType = sourcecode.swift; path = "TimeInterval+ToString.swift"; sourceTree = "<group>"; };
		1E17D3F02748EF8000027A82 /* PHAsset+Thumbnail.swift */ = {isa = PBXFileReference; lastKnownFileType = sourcecode.swift; path = "PHAsset+Thumbnail.swift"; sourceTree = "<group>"; };
		1E17D3F4274A237200027A82 /* PlayerViewController.swift */ = {isa = PBXFileReference; lastKnownFileType = sourcecode.swift; path = PlayerViewController.swift; sourceTree = "<group>"; };
		1E17D3F6274A295B00027A82 /* PlayerView.swift */ = {isa = PBXFileReference; lastKnownFileType = sourcecode.swift; path = PlayerView.swift; sourceTree = "<group>"; };
		1E17D3F8274A98FD00027A82 /* PlayerControlView.swift */ = {isa = PBXFileReference; lastKnownFileType = sourcecode.swift; path = PlayerControlView.swift; sourceTree = "<group>"; };
		1E271E1527AFA4CE0052DA8E /* PlayerViewModel.swift */ = {isa = PBXFileReference; lastKnownFileType = sourcecode.swift; path = PlayerViewModel.swift; sourceTree = "<group>"; };
		1E271E1727B011B30052DA8E /* WillConvertViewModel.swift */ = {isa = PBXFileReference; lastKnownFileType = sourcecode.swift; path = WillConvertViewModel.swift; sourceTree = "<group>"; };
		1E271E1927B0B6070052DA8E /* DidConvertedViewModel.swift */ = {isa = PBXFileReference; lastKnownFileType = sourcecode.swift; path = DidConvertedViewModel.swift; sourceTree = "<group>"; };
		1E37135A278B07BB00F131C5 /* AssetPlayer.swift */ = {isa = PBXFileReference; lastKnownFileType = sourcecode.swift; path = AssetPlayer.swift; sourceTree = "<group>"; };
		1E37135C278B2D8000F131C5 /* Media.swift */ = {isa = PBXFileReference; lastKnownFileType = sourcecode.swift; path = Media.swift; sourceTree = "<group>"; };
		1E371360278B41D500F131C5 /* FetchMediaUseCase.swift */ = {isa = PBXFileReference; lastKnownFileType = sourcecode.swift; path = FetchMediaUseCase.swift; sourceTree = "<group>"; };
		1E371364278B4C0700F131C5 /* DefaultMediaRepository.swift */ = {isa = PBXFileReference; lastKnownFileType = sourcecode.swift; path = DefaultMediaRepository.swift; sourceTree = "<group>"; };
		1E37136E278BF46B00F131C5 /* NowPlayableMetadata.swift */ = {isa = PBXFileReference; lastKnownFileType = sourcecode.swift; path = NowPlayableMetadata.swift; sourceTree = "<group>"; };
		1E371370278C22D700F131C5 /* NowPlayable.swift */ = {isa = PBXFileReference; lastKnownFileType = sourcecode.swift; path = NowPlayable.swift; sourceTree = "<group>"; };
		1E371372278C924300F131C5 /* NowPlayableCommand.swift */ = {isa = PBXFileReference; lastKnownFileType = sourcecode.swift; path = NowPlayableCommand.swift; sourceTree = "<group>"; };
		1E371374278C92D000F131C5 /* NowPlayableError.swift */ = {isa = PBXFileReference; lastKnownFileType = sourcecode.swift; path = NowPlayableError.swift; sourceTree = "<group>"; };
		1E541E69275FB1200078A519 /* WillConvertCoordinator.swift */ = {isa = PBXFileReference; lastKnownFileType = sourcecode.swift; path = WillConvertCoordinator.swift; sourceTree = "<group>"; };
		1E541E6D275FC0FD0078A519 /* AppFlowCoordinator.swift */ = {isa = PBXFileReference; lastKnownFileType = sourcecode.swift; path = AppFlowCoordinator.swift; sourceTree = "<group>"; };
		1E541E6F276080EC0078A519 /* AppDIContainer.swift */ = {isa = PBXFileReference; lastKnownFileType = sourcecode.swift; path = AppDIContainer.swift; sourceTree = "<group>"; };
		1E541E722760B9840078A519 /* MainTabBarCoordinator.swift */ = {isa = PBXFileReference; lastKnownFileType = sourcecode.swift; path = MainTabBarCoordinator.swift; sourceTree = "<group>"; };
		1E541E7427632DDB0078A519 /* DidConvertedCoordinator.swift */ = {isa = PBXFileReference; lastKnownFileType = sourcecode.swift; path = DidConvertedCoordinator.swift; sourceTree = "<group>"; };
		1E541E8A276648600078A519 /* DiffableDataSource.swift */ = {isa = PBXFileReference; lastKnownFileType = sourcecode.swift; path = DiffableDataSource.swift; sourceTree = "<group>"; };
		1E541E9B2769E7170078A519 /* Log.swift */ = {isa = PBXFileReference; lastKnownFileType = sourcecode.swift; path = Log.swift; sourceTree = "<group>"; };
		1E541E9D2769EFC20078A519 /* OSLog.framework */ = {isa = PBXFileReference; lastKnownFileType = wrapper.framework; name = OSLog.framework; path = System/Library/Frameworks/OSLog.framework; sourceTree = SDKROOT; };
		1E6A8B282A2C87DF00D2EA48 /* GoogleService-Info.plist */ = {isa = PBXFileReference; fileEncoding = 4; lastKnownFileType = text.plist.xml; path = "GoogleService-Info.plist"; sourceTree = "<group>"; };
		1E6A8B2B2A2C8C0900D2EA48 /* 92631-lunarcrushsippner.json */ = {isa = PBXFileReference; fileEncoding = 4; lastKnownFileType = text.json; path = "92631-lunarcrushsippner.json"; sourceTree = "<group>"; };
		1E6A8B362A2CC54900D2EA48 /* sampleVideoMOV.MOV */ = {isa = PBXFileReference; lastKnownFileType = video.quicktime; path = sampleVideoMOV.MOV; sourceTree = "<group>"; };
		1E7B347C2A361454008AC0F0 /* UnitTestForXcodeCloudTestFail.swift */ = {isa = PBXFileReference; lastKnownFileType = sourcecode.swift; path = UnitTestForXcodeCloudTestFail.swift; sourceTree = "<group>"; };
		1E8F4BF727C560620005B4AB /* PlayerListTableViewCell.swift */ = {isa = PBXFileReference; lastKnownFileType = sourcecode.swift; path = PlayerListTableViewCell.swift; sourceTree = "<group>"; };
		1E9B0C242743982200150ABD /* HeaderView.swift */ = {isa = PBXFileReference; lastKnownFileType = sourcecode.swift; path = HeaderView.swift; sourceTree = "<group>"; };
		1E9B0C282745150600150ABD /* VideoListViewController.swift */ = {isa = PBXFileReference; lastKnownFileType = sourcecode.swift; path = VideoListViewController.swift; sourceTree = "<group>"; };
		1E9B0C2A274757B700150ABD /* VideoListCollectionViewCell.swift */ = {isa = PBXFileReference; lastKnownFileType = sourcecode.swift; path = VideoListCollectionViewCell.swift; sourceTree = "<group>"; };
		1E9F2E49274CE879006E4FB0 /* Settings.bundle */ = {isa = PBXFileReference; lastKnownFileType = "wrapper.plug-in"; path = Settings.bundle; sourceTree = "<group>"; };
		1E9F2E5E27525C47006E4FB0 /* UIColor+AssetsColor.swift */ = {isa = PBXFileReference; lastKnownFileType = sourcecode.swift; path = "UIColor+AssetsColor.swift"; sourceTree = "<group>"; };
		1E9F2E60275267EE006E4FB0 /* MainTabBarController.swift */ = {isa = PBXFileReference; lastKnownFileType = sourcecode.swift; path = MainTabBarController.swift; sourceTree = "<group>"; };
		1E9F2E7C275CDDEB006E4FB0 /* AssetManager.swift */ = {isa = PBXFileReference; lastKnownFileType = sourcecode.swift; path = AssetManager.swift; sourceTree = "<group>"; };
		1EA1EEDC2721B85800C22C2C /* AudioConverter.swift */ = {isa = PBXFileReference; lastKnownFileType = sourcecode.swift; path = AudioConverter.swift; sourceTree = "<group>"; };
		1EA1EEE02723095F00C22C2C /* FileHelper.swift */ = {isa = PBXFileReference; lastKnownFileType = sourcecode.swift; path = FileHelper.swift; sourceTree = "<group>"; };
		1EA1EEE22723145000C22C2C /* FileHelperTests.swift */ = {isa = PBXFileReference; lastKnownFileType = sourcecode.swift; path = FileHelperTests.swift; sourceTree = "<group>"; };
		1EB2C79C272EF2FE004B1338 /* AVAsset+WriteAudioAndThumbnail.swift */ = {isa = PBXFileReference; lastKnownFileType = sourcecode.swift; path = "AVAsset+WriteAudioAndThumbnail.swift"; sourceTree = "<group>"; };
		1EB2C7A927312B5F004B1338 /* AVAsset+WriteAudioTests.swift */ = {isa = PBXFileReference; lastKnownFileType = sourcecode.swift; path = "AVAsset+WriteAudioTests.swift"; sourceTree = "<group>"; };
		1EC858F927204044005A1F3B /* VideoConverter.app */ = {isa = PBXFileReference; explicitFileType = wrapper.application; includeInIndex = 0; path = VideoConverter.app; sourceTree = BUILT_PRODUCTS_DIR; };
		1EC858FC27204044005A1F3B /* AppDelegate.swift */ = {isa = PBXFileReference; lastKnownFileType = sourcecode.swift; path = AppDelegate.swift; sourceTree = "<group>"; };
		1EC858FE27204044005A1F3B /* SceneDelegate.swift */ = {isa = PBXFileReference; lastKnownFileType = sourcecode.swift; path = SceneDelegate.swift; sourceTree = "<group>"; };
		1EC8590027204044005A1F3B /* WillConvertViewController.swift */ = {isa = PBXFileReference; lastKnownFileType = sourcecode.swift; path = WillConvertViewController.swift; sourceTree = "<group>"; };
		1EC8590327204044005A1F3B /* Base */ = {isa = PBXFileReference; lastKnownFileType = file.storyboard; name = Base; path = Base.lproj/Main.storyboard; sourceTree = "<group>"; };
		1EC8590527204047005A1F3B /* Assets.xcassets */ = {isa = PBXFileReference; lastKnownFileType = folder.assetcatalog; path = Assets.xcassets; sourceTree = "<group>"; };
		1EC8590827204047005A1F3B /* Base */ = {isa = PBXFileReference; lastKnownFileType = file.storyboard; name = Base; path = Base.lproj/LaunchScreen.storyboard; sourceTree = "<group>"; };
		1EC8590A27204047005A1F3B /* Info.plist */ = {isa = PBXFileReference; lastKnownFileType = text.plist.xml; path = Info.plist; sourceTree = "<group>"; };
		1EC8590F27204047005A1F3B /* VideoConverterTests.xctest */ = {isa = PBXFileReference; explicitFileType = wrapper.cfbundle; includeInIndex = 0; path = VideoConverterTests.xctest; sourceTree = BUILT_PRODUCTS_DIR; };
		1EC8591327204047005A1F3B /* VideoConverterTests.swift */ = {isa = PBXFileReference; lastKnownFileType = sourcecode.swift; path = VideoConverterTests.swift; sourceTree = "<group>"; };
		1EC8591527204047005A1F3B /* Info.plist */ = {isa = PBXFileReference; lastKnownFileType = text.plist.xml; path = Info.plist; sourceTree = "<group>"; };
		1EC8591A27204047005A1F3B /* VideoConverterUITests.xctest */ = {isa = PBXFileReference; explicitFileType = wrapper.cfbundle; includeInIndex = 0; path = VideoConverterUITests.xctest; sourceTree = BUILT_PRODUCTS_DIR; };
		1EC8591E27204047005A1F3B /* VideoConverterUITests.swift */ = {isa = PBXFileReference; lastKnownFileType = sourcecode.swift; path = VideoConverterUITests.swift; sourceTree = "<group>"; };
		1EC8592027204047005A1F3B /* Info.plist */ = {isa = PBXFileReference; lastKnownFileType = text.plist.xml; path = Info.plist; sourceTree = "<group>"; };
		1EC8592F27207424005A1F3B /* AudioInfo.swift */ = {isa = PBXFileReference; lastKnownFileType = sourcecode.swift; path = AudioInfo.swift; sourceTree = "<group>"; };
		1ED67FAD2773AA9C0097ED88 /* SelectMorePhotosButton.swift */ = {isa = PBXFileReference; lastKnownFileType = sourcecode.swift; path = SelectMorePhotosButton.swift; sourceTree = "<group>"; };
		1EDCF9AC2978522300737425 /* Dev-VideoConverter.app */ = {isa = PBXFileReference; explicitFileType = wrapper.application; includeInIndex = 0; path = "Dev-VideoConverter.app"; sourceTree = BUILT_PRODUCTS_DIR; };
		1EDCF9AD2978522300737425 /* Dev-VideoConverter.plist */ = {isa = PBXFileReference; lastKnownFileType = text.plist.xml; name = "Dev-VideoConverter.plist"; path = "/Users/ohking/Desktop/VideoConverter/VideoConverter/Dev-VideoConverter.plist"; sourceTree = "<absolute>"; };
		1FA00BF7B199381F7A780722 /* Pods_VideoConverter_Dev_VideoConverter.framework */ = {isa = PBXFileReference; explicitFileType = wrapper.framework; includeInIndex = 0; path = Pods_VideoConverter_Dev_VideoConverter.framework; sourceTree = BUILT_PRODUCTS_DIR; };
		2D1BE4320CD63C1A3DF2F02C /* Pods-VideoConverter-VideoConverterUITests.release.xcconfig */ = {isa = PBXFileReference; includeInIndex = 1; lastKnownFileType = text.xcconfig; name = "Pods-VideoConverter-VideoConverterUITests.release.xcconfig"; path = "Target Support Files/Pods-VideoConverter-VideoConverterUITests/Pods-VideoConverter-VideoConverterUITests.release.xcconfig"; sourceTree = "<group>"; };
		3F7EB3BBB91FCF4EBD6AC6A1 /* Pods-VideoConverter.release.xcconfig */ = {isa = PBXFileReference; includeInIndex = 1; lastKnownFileType = text.xcconfig; name = "Pods-VideoConverter.release.xcconfig"; path = "Target Support Files/Pods-VideoConverter/Pods-VideoConverter.release.xcconfig"; sourceTree = "<group>"; };
		417F38D5FD6E98A4C3C8D59E /* Pods_VideoConverter.framework */ = {isa = PBXFileReference; explicitFileType = wrapper.framework; includeInIndex = 0; path = Pods_VideoConverter.framework; sourceTree = BUILT_PRODUCTS_DIR; };
		4EDE9599A344D37DF8A3678E /* Pods-VideoConverter-Dev-VideoConverter.release.xcconfig */ = {isa = PBXFileReference; includeInIndex = 1; lastKnownFileType = text.xcconfig; name = "Pods-VideoConverter-Dev-VideoConverter.release.xcconfig"; path = "Target Support Files/Pods-VideoConverter-Dev-VideoConverter/Pods-VideoConverter-Dev-VideoConverter.release.xcconfig"; sourceTree = "<group>"; };
		6291E461DA8C3942B63D51C7 /* Pods-VideoConverter.debug.xcconfig */ = {isa = PBXFileReference; includeInIndex = 1; lastKnownFileType = text.xcconfig; name = "Pods-VideoConverter.debug.xcconfig"; path = "Target Support Files/Pods-VideoConverter/Pods-VideoConverter.debug.xcconfig"; sourceTree = "<group>"; };
		AC4CBAA92AF021FE13B7AA32 /* Pods-VideoConverterTests.debug.xcconfig */ = {isa = PBXFileReference; includeInIndex = 1; lastKnownFileType = text.xcconfig; name = "Pods-VideoConverterTests.debug.xcconfig"; path = "Target Support Files/Pods-VideoConverterTests/Pods-VideoConverterTests.debug.xcconfig"; sourceTree = "<group>"; };
		E25D462294021F7C5CE8250F /* Pods-VideoConverter-Dev-VideoConverter.debug.xcconfig */ = {isa = PBXFileReference; includeInIndex = 1; lastKnownFileType = text.xcconfig; name = "Pods-VideoConverter-Dev-VideoConverter.debug.xcconfig"; path = "Target Support Files/Pods-VideoConverter-Dev-VideoConverter/Pods-VideoConverter-Dev-VideoConverter.debug.xcconfig"; sourceTree = "<group>"; };
		F53F62BABA6E726B9F0F2AD4 /* Pods-VideoConverter-VideoConverterUITests.debug.xcconfig */ = {isa = PBXFileReference; includeInIndex = 1; lastKnownFileType = text.xcconfig; name = "Pods-VideoConverter-VideoConverterUITests.debug.xcconfig"; path = "Target Support Files/Pods-VideoConverter-VideoConverterUITests/Pods-VideoConverter-VideoConverterUITests.debug.xcconfig"; sourceTree = "<group>"; };
/* End PBXFileReference section */

/* Begin PBXFrameworksBuildPhase section */
		1EC858F627204043005A1F3B /* Frameworks */ = {
			isa = PBXFrameworksBuildPhase;
			buildActionMask = 2147483647;
			files = (
				98C5FB10E18C7C76920BC900 /* Pods_VideoConverter.framework in Frameworks */,
			);
			runOnlyForDeploymentPostprocessing = 0;
		};
		1EC8590C27204047005A1F3B /* Frameworks */ = {
			isa = PBXFrameworksBuildPhase;
			buildActionMask = 2147483647;
			files = (
				97E4F9C9CA9E468D71346AFD /* Pods_VideoConverterTests.framework in Frameworks */,
			);
			runOnlyForDeploymentPostprocessing = 0;
		};
		1EC8591727204047005A1F3B /* Frameworks */ = {
			isa = PBXFrameworksBuildPhase;
			buildActionMask = 2147483647;
			files = (
				954682AF95C26F7DCCB0EFBB /* Pods_VideoConverter_VideoConverterUITests.framework in Frameworks */,
			);
			runOnlyForDeploymentPostprocessing = 0;
		};
		1EDCF99D2978522300737425 /* Frameworks */ = {
			isa = PBXFrameworksBuildPhase;
			buildActionMask = 2147483647;
			files = (
				9ADF66E5163ED5CEFDB2E98C /* Pods_VideoConverter_Dev_VideoConverter.framework in Frameworks */,
			);
			runOnlyForDeploymentPostprocessing = 0;
		};
/* End PBXFrameworksBuildPhase section */

/* Begin PBXGroup section */
		1E022E98273FD45D006B51DF /* View */ = {
			isa = PBXGroup;
			children = (
				1EC8590227204044005A1F3B /* Main.storyboard */,
				1E022E9B273FD62F006B51DF /* WillConvertTableViewCell.swift */,
				1E022E9F273FE18E006B51DF /* MediaView.swift */,
				1E022EA927422DB3006B51DF /* ConvertView.swift */,
				1E9B0C242743982200150ABD /* HeaderView.swift */,
				1E9B0C2A274757B700150ABD /* VideoListCollectionViewCell.swift */,
				1E17D3F6274A295B00027A82 /* PlayerView.swift */,
				1E17D3F8274A98FD00027A82 /* PlayerControlView.swift */,
				1ED67FAD2773AA9C0097ED88 /* SelectMorePhotosButton.swift */,
				1E8F4BF727C560620005B4AB /* PlayerListTableViewCell.swift */,
			);
			path = View;
			sourceTree = "<group>";
		};
		1E022EA12741827C006B51DF /* Extensions */ = {
			isa = PBXGroup;
			children = (
				1EB2C79C272EF2FE004B1338 /* AVAsset+WriteAudioAndThumbnail.swift */,
				1E022EA22741838B006B51DF /* CMTime+TimeToString.swift */,
				1E17D3EE2748E8BE00027A82 /* TimeInterval+ToString.swift */,
				1E17D3F02748EF8000027A82 /* PHAsset+Thumbnail.swift */,
				1E0AC7CB277856CE00AC82A8 /* String+Localization.swift */,
			);
			path = Extensions;
			sourceTree = "<group>";
		};
		1E022EA427422473006B51DF /* Controller */ = {
			isa = PBXGroup;
			children = (
				1EC8590027204044005A1F3B /* WillConvertViewController.swift */,
				1E022EA727422522006B51DF /* DidConvertedViewController.swift */,
				1E9B0C282745150600150ABD /* VideoListViewController.swift */,
				1E17D3F4274A237200027A82 /* PlayerViewController.swift */,
				1E9F2E60275267EE006E4FB0 /* MainTabBarController.swift */,
				1E541E8A276648600078A519 /* DiffableDataSource.swift */,
			);
			path = Controller;
			sourceTree = "<group>";
		};
		1E0AC7C32778390B00AC82A8 /* Localization */ = {
			isa = PBXGroup;
			children = (
				1E0AC7BF2778361000AC82A8 /* InfoPlist.strings */,
				1E0AC7C92778554000AC82A8 /* Localizable.strings */,
			);
			path = Localization;
			sourceTree = "<group>";
		};
		1E271E1427AFA4B80052DA8E /* ViewModel */ = {
			isa = PBXGroup;
			children = (
				1E37135A278B07BB00F131C5 /* AssetPlayer.swift */,
				1E271E1527AFA4CE0052DA8E /* PlayerViewModel.swift */,
				1E271E1727B011B30052DA8E /* WillConvertViewModel.swift */,
				1E271E1927B0B6070052DA8E /* DidConvertedViewModel.swift */,
			);
			path = ViewModel;
			sourceTree = "<group>";
		};
		1E37135E278B32E700F131C5 /* Entities */ = {
			isa = PBXGroup;
			children = (
				1EC8592F27207424005A1F3B /* AudioInfo.swift */,
				1E37135C278B2D8000F131C5 /* Media.swift */,
			);
			path = Entities;
			sourceTree = "<group>";
		};
		1E37135F278B32FE00F131C5 /* UseCases */ = {
			isa = PBXGroup;
			children = (
				1E9F2E7C275CDDEB006E4FB0 /* AssetManager.swift */,
				1E371360278B41D500F131C5 /* FetchMediaUseCase.swift */,
			);
			path = UseCases;
			sourceTree = "<group>";
		};
		1E371362278B4BA100F131C5 /* Data */ = {
			isa = PBXGroup;
			children = (
				1E371363278B4BB400F131C5 /* Repositories */,
			);
			path = Data;
			sourceTree = "<group>";
		};
		1E371363278B4BB400F131C5 /* Repositories */ = {
			isa = PBXGroup;
			children = (
				1E371364278B4C0700F131C5 /* DefaultMediaRepository.swift */,
			);
			path = Repositories;
			sourceTree = "<group>";
		};
		1E371366278BE61A00F131C5 /* Application */ = {
			isa = PBXGroup;
			children = (
				1EC858FC27204044005A1F3B /* AppDelegate.swift */,
				1EC858FE27204044005A1F3B /* SceneDelegate.swift */,
				1E541E6D275FC0FD0078A519 /* AppFlowCoordinator.swift */,
				1E541E71276081030078A519 /* DIContainer */,
			);
			path = Application;
			sourceTree = "<group>";
		};
		1E371367278BE67A00F131C5 /* Presentation */ = {
			isa = PBXGroup;
			children = (
				1E371368278BE70100F131C5 /* MediaScene */,
			);
			path = Presentation;
			sourceTree = "<group>";
		};
		1E371368278BE70100F131C5 /* MediaScene */ = {
			isa = PBXGroup;
			children = (
				1E271E1427AFA4B80052DA8E /* ViewModel */,
				1E022E98273FD45D006B51DF /* View */,
				1E541E7627633DF90078A519 /* Flows */,
				1E022EA427422473006B51DF /* Controller */,
				1E37136B278BF21800F131C5 /* Utils */,
			);
			path = MediaScene;
			sourceTree = "<group>";
		};
		1E371369278BF13C00F131C5 /* Utils */ = {
			isa = PBXGroup;
			children = (
				1EA1EEE02723095F00C22C2C /* FileHelper.swift */,
				1EA1EEDC2721B85800C22C2C /* AudioConverter.swift */,
				1E022EA12741827C006B51DF /* Extensions */,
			);
			path = Utils;
			sourceTree = "<group>";
		};
		1E37136B278BF21800F131C5 /* Utils */ = {
			isa = PBXGroup;
			children = (
				1E37136D278BF42B00F131C5 /* NowPlayable */,
				1E37136C278BF25A00F131C5 /* Extensions */,
			);
			path = Utils;
			sourceTree = "<group>";
		};
		1E37136C278BF25A00F131C5 /* Extensions */ = {
			isa = PBXGroup;
			children = (
				1E0AC7CE2779DC5200AC82A8 /* UIApplication+getMostTopVC.swift */,
				1E9F2E5E27525C47006E4FB0 /* UIColor+AssetsColor.swift */,
			);
			path = Extensions;
			sourceTree = "<group>";
		};
		1E37136D278BF42B00F131C5 /* NowPlayable */ = {
			isa = PBXGroup;
			children = (
				1E371370278C22D700F131C5 /* NowPlayable.swift */,
				1E37136E278BF46B00F131C5 /* NowPlayableMetadata.swift */,
				1E371372278C924300F131C5 /* NowPlayableCommand.swift */,
				1E371374278C92D000F131C5 /* NowPlayableError.swift */,
			);
			path = NowPlayable;
			sourceTree = "<group>";
		};
		1E541E71276081030078A519 /* DIContainer */ = {
			isa = PBXGroup;
			children = (
				1E541E6F276080EC0078A519 /* AppDIContainer.swift */,
			);
			path = DIContainer;
			sourceTree = "<group>";
		};
		1E541E7627633DF90078A519 /* Flows */ = {
			isa = PBXGroup;
			children = (
				1E541E722760B9840078A519 /* MainTabBarCoordinator.swift */,
				1E541E69275FB1200078A519 /* WillConvertCoordinator.swift */,
				1E541E7427632DDB0078A519 /* DidConvertedCoordinator.swift */,
			);
			path = Flows;
			sourceTree = "<group>";
		};
		1E541E9A2769E6F70078A519 /* LoggingSystem */ = {
			isa = PBXGroup;
			children = (
				1E541E9B2769E7170078A519 /* Log.swift */,
			);
			path = LoggingSystem;
			sourceTree = "<group>";
		};
		1EC858F027204043005A1F3B = {
			isa = PBXGroup;
			children = (
				1EC858FB27204044005A1F3B /* VideoConverter */,
				1EC8591227204047005A1F3B /* VideoConverterTests */,
				1EC8591D27204047005A1F3B /* VideoConverterUITests */,
				1EC858FA27204044005A1F3B /* Products */,
				884C408719F7B4D21269BEBE /* Pods */,
				3176E00E75DDCE619B01EB9E /* Frameworks */,
			);
			sourceTree = "<group>";
		};
		1EC858FA27204044005A1F3B /* Products */ = {
			isa = PBXGroup;
			children = (
				1EC858F927204044005A1F3B /* VideoConverter.app */,
				1EC8590F27204047005A1F3B /* VideoConverterTests.xctest */,
				1EC8591A27204047005A1F3B /* VideoConverterUITests.xctest */,
				1EDCF9AC2978522300737425 /* Dev-VideoConverter.app */,
			);
			name = Products;
			sourceTree = "<group>";
		};
		1EC858FB27204044005A1F3B /* VideoConverter */ = {
			isa = PBXGroup;
			children = (
				1E371366278BE61A00F131C5 /* Application */,
				1E371367278BE67A00F131C5 /* Presentation */,
				1EC8592E27207419005A1F3B /* Domain */,
				1E371362278B4BA100F131C5 /* Data */,
				1E0AC7C32778390B00AC82A8 /* Localization */,
				1E541E9A2769E6F70078A519 /* LoggingSystem */,
				1EC8590527204047005A1F3B /* Assets.xcassets */,
				1EC8590727204047005A1F3B /* LaunchScreen.storyboard */,
				1EC8590A27204047005A1F3B /* Info.plist */,
				1EDCF9AD2978522300737425 /* Dev-VideoConverter.plist */,
				1E6A8B282A2C87DF00D2EA48 /* GoogleService-Info.plist */,
				1E6A8B2B2A2C8C0900D2EA48 /* 92631-lunarcrushsippner.json */,
				1E9F2E49274CE879006E4FB0 /* Settings.bundle */,
			);
			path = VideoConverter;
			sourceTree = "<group>";
		};
		1EC8591227204047005A1F3B /* VideoConverterTests */ = {
			isa = PBXGroup;
			children = (
				1EC8591327204047005A1F3B /* VideoConverterTests.swift */,
				1EA1EEE22723145000C22C2C /* FileHelperTests.swift */,
				1EB2C7A927312B5F004B1338 /* AVAsset+WriteAudioTests.swift */,
				1E7B347C2A361454008AC0F0 /* UnitTestForXcodeCloudTestFail.swift */,
				1E6A8B362A2CC54900D2EA48 /* sampleVideoMOV.MOV */,
				1EC8591527204047005A1F3B /* Info.plist */,
			);
			path = VideoConverterTests;
			sourceTree = "<group>";
		};
		1EC8591D27204047005A1F3B /* VideoConverterUITests */ = {
			isa = PBXGroup;
			children = (
				1EC8591E27204047005A1F3B /* VideoConverterUITests.swift */,
				1EC8592027204047005A1F3B /* Info.plist */,
			);
			path = VideoConverterUITests;
			sourceTree = "<group>";
		};
		1EC8592E27207419005A1F3B /* Domain */ = {
			isa = PBXGroup;
			children = (
				1E37135F278B32FE00F131C5 /* UseCases */,
				1E37135E278B32E700F131C5 /* Entities */,
				1E371369278BF13C00F131C5 /* Utils */,
			);
			path = Domain;
			sourceTree = "<group>";
		};
		3176E00E75DDCE619B01EB9E /* Frameworks */ = {
			isa = PBXGroup;
			children = (
				1E541E9D2769EFC20078A519 /* OSLog.framework */,
				417F38D5FD6E98A4C3C8D59E /* Pods_VideoConverter.framework */,
				1FA00BF7B199381F7A780722 /* Pods_VideoConverter_Dev_VideoConverter.framework */,
				1D90F2F7A1162C07DEA3B47C /* Pods_VideoConverter_VideoConverterUITests.framework */,
				0259FDB19CC4577E1C4B0F36 /* Pods_VideoConverterTests.framework */,
			);
			name = Frameworks;
			sourceTree = "<group>";
		};
		884C408719F7B4D21269BEBE /* Pods */ = {
			isa = PBXGroup;
			children = (
				6291E461DA8C3942B63D51C7 /* Pods-VideoConverter.debug.xcconfig */,
				3F7EB3BBB91FCF4EBD6AC6A1 /* Pods-VideoConverter.release.xcconfig */,
				E25D462294021F7C5CE8250F /* Pods-VideoConverter-Dev-VideoConverter.debug.xcconfig */,
				4EDE9599A344D37DF8A3678E /* Pods-VideoConverter-Dev-VideoConverter.release.xcconfig */,
				F53F62BABA6E726B9F0F2AD4 /* Pods-VideoConverter-VideoConverterUITests.debug.xcconfig */,
				2D1BE4320CD63C1A3DF2F02C /* Pods-VideoConverter-VideoConverterUITests.release.xcconfig */,
				AC4CBAA92AF021FE13B7AA32 /* Pods-VideoConverterTests.debug.xcconfig */,
				1A10F206BBA4A0AF5F9F2F5B /* Pods-VideoConverterTests.release.xcconfig */,
			);
			path = Pods;
			sourceTree = "<group>";
		};
/* End PBXGroup section */

/* Begin PBXNativeTarget section */
		1EC858F827204043005A1F3B /* VideoConverter */ = {
			isa = PBXNativeTarget;
			buildConfigurationList = 1EC8592327204047005A1F3B /* Build configuration list for PBXNativeTarget "VideoConverter" */;
			buildPhases = (
				DD9C207A089D88884FBC19DB /* [CP] Check Pods Manifest.lock */,
				1EC858F527204043005A1F3B /* Sources */,
				1EC858F627204043005A1F3B /* Frameworks */,
				1EC858F727204043005A1F3B /* Resources */,
				7A6975BDE64C760246A67521 /* [CP] Embed Pods Frameworks */,
			);
			buildRules = (
			);
			dependencies = (
			);
			name = VideoConverter;
			productName = VideoConverter;
			productReference = 1EC858F927204044005A1F3B /* VideoConverter.app */;
			productType = "com.apple.product-type.application";
		};
		1EC8590E27204047005A1F3B /* VideoConverterTests */ = {
			isa = PBXNativeTarget;
			buildConfigurationList = 1EC8592627204047005A1F3B /* Build configuration list for PBXNativeTarget "VideoConverterTests" */;
			buildPhases = (
				01C9E11A9DD736C5799246DD /* [CP] Check Pods Manifest.lock */,
				1EC8590B27204047005A1F3B /* Sources */,
				1EC8590C27204047005A1F3B /* Frameworks */,
				1EC8590D27204047005A1F3B /* Resources */,
			);
			buildRules = (
			);
			dependencies = (
				1EC8591127204047005A1F3B /* PBXTargetDependency */,
			);
			name = VideoConverterTests;
			productName = VideoConverterTests;
			productReference = 1EC8590F27204047005A1F3B /* VideoConverterTests.xctest */;
			productType = "com.apple.product-type.bundle.unit-test";
		};
		1EC8591927204047005A1F3B /* VideoConverterUITests */ = {
			isa = PBXNativeTarget;
			buildConfigurationList = 1EC8592927204047005A1F3B /* Build configuration list for PBXNativeTarget "VideoConverterUITests" */;
			buildPhases = (
				1122DA38734F6FD294401C87 /* [CP] Check Pods Manifest.lock */,
				1EC8591627204047005A1F3B /* Sources */,
				1EC8591727204047005A1F3B /* Frameworks */,
				1EC8591827204047005A1F3B /* Resources */,
				A436D01C3828117540915F21 /* [CP] Embed Pods Frameworks */,
			);
			buildRules = (
			);
			dependencies = (
				1EC8591C27204047005A1F3B /* PBXTargetDependency */,
			);
			name = VideoConverterUITests;
			productName = VideoConverterUITests;
			productReference = 1EC8591A27204047005A1F3B /* VideoConverterUITests.xctest */;
			productType = "com.apple.product-type.bundle.ui-testing";
		};
		1EDCF96D2978522300737425 /* Dev-VideoConverter */ = {
			isa = PBXNativeTarget;
			buildConfigurationList = 1EDCF9A92978522300737425 /* Build configuration list for PBXNativeTarget "Dev-VideoConverter" */;
			buildPhases = (
				A9AE9F7E0C1DDD039F079FDB /* [CP] Check Pods Manifest.lock */,
				1EDCF96F2978522300737425 /* Sources */,
				1EDCF99D2978522300737425 /* Frameworks */,
				1EDCF99F2978522300737425 /* Resources */,
				E76D0853CE8B8925FDB5C367 /* [CP] Embed Pods Frameworks */,
			);
			buildRules = (
			);
			dependencies = (
			);
			name = "Dev-VideoConverter";
			productName = VideoConverter;
			productReference = 1EDCF9AC2978522300737425 /* Dev-VideoConverter.app */;
			productType = "com.apple.product-type.application";
		};
/* End PBXNativeTarget section */

/* Begin PBXProject section */
		1EC858F127204043005A1F3B /* Project object */ = {
			isa = PBXProject;
			attributes = {
				LastSwiftUpdateCheck = 1250;
				LastUpgradeCheck = 1250;
				TargetAttributes = {
					1EC858F827204043005A1F3B = {
						CreatedOnToolsVersion = 12.5;
					};
					1EC8590E27204047005A1F3B = {
						CreatedOnToolsVersion = 12.5;
						TestTargetID = 1EC858F827204043005A1F3B;
					};
					1EC8591927204047005A1F3B = {
						CreatedOnToolsVersion = 12.5;
						TestTargetID = 1EC858F827204043005A1F3B;
					};
				};
			};
			buildConfigurationList = 1EC858F427204043005A1F3B /* Build configuration list for PBXProject "VideoConverter" */;
			compatibilityVersion = "Xcode 9.3";
			developmentRegion = en;
			hasScannedForEncodings = 0;
			knownRegions = (
				en,
				Base,
			);
			mainGroup = 1EC858F027204043005A1F3B;
			productRefGroup = 1EC858FA27204044005A1F3B /* Products */;
			projectDirPath = "";
			projectRoot = "";
			targets = (
				1EC858F827204043005A1F3B /* VideoConverter */,
				1EC8590E27204047005A1F3B /* VideoConverterTests */,
				1EC8591927204047005A1F3B /* VideoConverterUITests */,
				1EDCF96D2978522300737425 /* Dev-VideoConverter */,
			);
		};
/* End PBXProject section */

/* Begin PBXResourcesBuildPhase section */
		1EC858F727204043005A1F3B /* Resources */ = {
			isa = PBXResourcesBuildPhase;
			buildActionMask = 2147483647;
			files = (
				1EC8590927204047005A1F3B /* LaunchScreen.storyboard in Resources */,
				1E6A8B292A2C87E000D2EA48 /* GoogleService-Info.plist in Resources */,
				1E0AC7BD2778361000AC82A8 /* InfoPlist.strings in Resources */,
				1E6A8B2C2A2C8C0900D2EA48 /* 92631-lunarcrushsippner.json in Resources */,
				1EC8590627204047005A1F3B /* Assets.xcassets in Resources */,
				1E0AC7CD27786B0B00AC82A8 /* Localizable.strings in Resources */,
				1EC8590427204044005A1F3B /* Main.storyboard in Resources */,
				1E9F2E4A274CE879006E4FB0 /* Settings.bundle in Resources */,
			);
			runOnlyForDeploymentPostprocessing = 0;
		};
		1EC8590D27204047005A1F3B /* Resources */ = {
			isa = PBXResourcesBuildPhase;
			buildActionMask = 2147483647;
			files = (
				1E6A8B372A2CC54900D2EA48 /* sampleVideoMOV.MOV in Resources */,
			);
			runOnlyForDeploymentPostprocessing = 0;
		};
		1EC8591827204047005A1F3B /* Resources */ = {
			isa = PBXResourcesBuildPhase;
			buildActionMask = 2147483647;
			files = (
			);
			runOnlyForDeploymentPostprocessing = 0;
		};
		1EDCF99F2978522300737425 /* Resources */ = {
			isa = PBXResourcesBuildPhase;
			buildActionMask = 2147483647;
			files = (
				1EDCF9A02978522300737425 /* LaunchScreen.storyboard in Resources */,
				1E6A8B2A2A2C87E000D2EA48 /* GoogleService-Info.plist in Resources */,
				1EDCF9A12978522300737425 /* InfoPlist.strings in Resources */,
				1E6A8B2D2A2C8C0900D2EA48 /* 92631-lunarcrushsippner.json in Resources */,
				1EDCF9A22978522300737425 /* Assets.xcassets in Resources */,
				1EDCF9A42978522300737425 /* Localizable.strings in Resources */,
				1EDCF9A62978522300737425 /* Main.storyboard in Resources */,
				1EDCF9A72978522300737425 /* Settings.bundle in Resources */,
			);
			runOnlyForDeploymentPostprocessing = 0;
		};
/* End PBXResourcesBuildPhase section */

/* Begin PBXShellScriptBuildPhase section */
		01C9E11A9DD736C5799246DD /* [CP] Check Pods Manifest.lock */ = {
			isa = PBXShellScriptBuildPhase;
			buildActionMask = 2147483647;
			files = (
			);
			inputFileListPaths = (
			);
			inputPaths = (
				"${PODS_PODFILE_DIR_PATH}/Podfile.lock",
				"${PODS_ROOT}/Manifest.lock",
			);
			name = "[CP] Check Pods Manifest.lock";
			outputFileListPaths = (
			);
			outputPaths = (
				"$(DERIVED_FILE_DIR)/Pods-VideoConverterTests-checkManifestLockResult.txt",
			);
			runOnlyForDeploymentPostprocessing = 0;
			shellPath = /bin/sh;
			shellScript = "diff \"${PODS_PODFILE_DIR_PATH}/Podfile.lock\" \"${PODS_ROOT}/Manifest.lock\" > /dev/null\nif [ $? != 0 ] ; then\n    # print error to STDERR\n    echo \"error: The sandbox is not in sync with the Podfile.lock. Run 'pod install' or update your CocoaPods installation.\" >&2\n    exit 1\nfi\n# This output is used by Xcode 'outputs' to avoid re-running this script phase.\necho \"SUCCESS\" > \"${SCRIPT_OUTPUT_FILE_0}\"\n";
			showEnvVarsInLog = 0;
		};
		1122DA38734F6FD294401C87 /* [CP] Check Pods Manifest.lock */ = {
			isa = PBXShellScriptBuildPhase;
			buildActionMask = 2147483647;
			files = (
			);
			inputFileListPaths = (
			);
			inputPaths = (
				"${PODS_PODFILE_DIR_PATH}/Podfile.lock",
				"${PODS_ROOT}/Manifest.lock",
			);
			name = "[CP] Check Pods Manifest.lock";
			outputFileListPaths = (
			);
			outputPaths = (
				"$(DERIVED_FILE_DIR)/Pods-VideoConverter-VideoConverterUITests-checkManifestLockResult.txt",
			);
			runOnlyForDeploymentPostprocessing = 0;
			shellPath = /bin/sh;
			shellScript = "diff \"${PODS_PODFILE_DIR_PATH}/Podfile.lock\" \"${PODS_ROOT}/Manifest.lock\" > /dev/null\nif [ $? != 0 ] ; then\n    # print error to STDERR\n    echo \"error: The sandbox is not in sync with the Podfile.lock. Run 'pod install' or update your CocoaPods installation.\" >&2\n    exit 1\nfi\n# This output is used by Xcode 'outputs' to avoid re-running this script phase.\necho \"SUCCESS\" > \"${SCRIPT_OUTPUT_FILE_0}\"\n";
			showEnvVarsInLog = 0;
		};
		7A6975BDE64C760246A67521 /* [CP] Embed Pods Frameworks */ = {
			isa = PBXShellScriptBuildPhase;
			buildActionMask = 2147483647;
			files = (
			);
			inputFileListPaths = (
				"${PODS_ROOT}/Target Support Files/Pods-VideoConverter/Pods-VideoConverter-frameworks-${CONFIGURATION}-input-files.xcfilelist",
			);
			name = "[CP] Embed Pods Frameworks";
			outputFileListPaths = (
				"${PODS_ROOT}/Target Support Files/Pods-VideoConverter/Pods-VideoConverter-frameworks-${CONFIGURATION}-output-files.xcfilelist",
			);
			runOnlyForDeploymentPostprocessing = 0;
			shellPath = /bin/sh;
			shellScript = "\"${PODS_ROOT}/Target Support Files/Pods-VideoConverter/Pods-VideoConverter-frameworks.sh\"\n";
			showEnvVarsInLog = 0;
		};
		A436D01C3828117540915F21 /* [CP] Embed Pods Frameworks */ = {
			isa = PBXShellScriptBuildPhase;
			buildActionMask = 2147483647;
			files = (
			);
			inputFileListPaths = (
				"${PODS_ROOT}/Target Support Files/Pods-VideoConverter-VideoConverterUITests/Pods-VideoConverter-VideoConverterUITests-frameworks-${CONFIGURATION}-input-files.xcfilelist",
			);
			name = "[CP] Embed Pods Frameworks";
			outputFileListPaths = (
				"${PODS_ROOT}/Target Support Files/Pods-VideoConverter-VideoConverterUITests/Pods-VideoConverter-VideoConverterUITests-frameworks-${CONFIGURATION}-output-files.xcfilelist",
			);
			runOnlyForDeploymentPostprocessing = 0;
			shellPath = /bin/sh;
			shellScript = "\"${PODS_ROOT}/Target Support Files/Pods-VideoConverter-VideoConverterUITests/Pods-VideoConverter-VideoConverterUITests-frameworks.sh\"\n";
			showEnvVarsInLog = 0;
		};
		A9AE9F7E0C1DDD039F079FDB /* [CP] Check Pods Manifest.lock */ = {
			isa = PBXShellScriptBuildPhase;
			buildActionMask = 2147483647;
			files = (
			);
			inputFileListPaths = (
			);
			inputPaths = (
				"${PODS_PODFILE_DIR_PATH}/Podfile.lock",
				"${PODS_ROOT}/Manifest.lock",
			);
			name = "[CP] Check Pods Manifest.lock";
			outputFileListPaths = (
			);
			outputPaths = (
				"$(DERIVED_FILE_DIR)/Pods-VideoConverter-Dev-VideoConverter-checkManifestLockResult.txt",
			);
			runOnlyForDeploymentPostprocessing = 0;
			shellPath = /bin/sh;
			shellScript = "diff \"${PODS_PODFILE_DIR_PATH}/Podfile.lock\" \"${PODS_ROOT}/Manifest.lock\" > /dev/null\nif [ $? != 0 ] ; then\n    # print error to STDERR\n    echo \"error: The sandbox is not in sync with the Podfile.lock. Run 'pod install' or update your CocoaPods installation.\" >&2\n    exit 1\nfi\n# This output is used by Xcode 'outputs' to avoid re-running this script phase.\necho \"SUCCESS\" > \"${SCRIPT_OUTPUT_FILE_0}\"\n";
			showEnvVarsInLog = 0;
		};
		DD9C207A089D88884FBC19DB /* [CP] Check Pods Manifest.lock */ = {
			isa = PBXShellScriptBuildPhase;
			buildActionMask = 2147483647;
			files = (
			);
			inputFileListPaths = (
			);
			inputPaths = (
				"${PODS_PODFILE_DIR_PATH}/Podfile.lock",
				"${PODS_ROOT}/Manifest.lock",
			);
			name = "[CP] Check Pods Manifest.lock";
			outputFileListPaths = (
			);
			outputPaths = (
				"$(DERIVED_FILE_DIR)/Pods-VideoConverter-checkManifestLockResult.txt",
			);
			runOnlyForDeploymentPostprocessing = 0;
			shellPath = /bin/sh;
			shellScript = "diff \"${PODS_PODFILE_DIR_PATH}/Podfile.lock\" \"${PODS_ROOT}/Manifest.lock\" > /dev/null\nif [ $? != 0 ] ; then\n    # print error to STDERR\n    echo \"error: The sandbox is not in sync with the Podfile.lock. Run 'pod install' or update your CocoaPods installation.\" >&2\n    exit 1\nfi\n# This output is used by Xcode 'outputs' to avoid re-running this script phase.\necho \"SUCCESS\" > \"${SCRIPT_OUTPUT_FILE_0}\"\n";
			showEnvVarsInLog = 0;
		};
		E76D0853CE8B8925FDB5C367 /* [CP] Embed Pods Frameworks */ = {
			isa = PBXShellScriptBuildPhase;
			buildActionMask = 2147483647;
			files = (
			);
			inputFileListPaths = (
				"${PODS_ROOT}/Target Support Files/Pods-VideoConverter-Dev-VideoConverter/Pods-VideoConverter-Dev-VideoConverter-frameworks-${CONFIGURATION}-input-files.xcfilelist",
			);
			name = "[CP] Embed Pods Frameworks";
			outputFileListPaths = (
				"${PODS_ROOT}/Target Support Files/Pods-VideoConverter-Dev-VideoConverter/Pods-VideoConverter-Dev-VideoConverter-frameworks-${CONFIGURATION}-output-files.xcfilelist",
			);
			runOnlyForDeploymentPostprocessing = 0;
			shellPath = /bin/sh;
			shellScript = "\"${PODS_ROOT}/Target Support Files/Pods-VideoConverter-Dev-VideoConverter/Pods-VideoConverter-Dev-VideoConverter-frameworks.sh\"\n";
			showEnvVarsInLog = 0;
		};
/* End PBXShellScriptBuildPhase section */

/* Begin PBXSourcesBuildPhase section */
		1EC858F527204043005A1F3B /* Sources */ = {
			isa = PBXSourcesBuildPhase;
			buildActionMask = 2147483647;
			files = (
				1E9B0C292745150600150ABD /* VideoListViewController.swift in Sources */,
				1EC8593027207424005A1F3B /* AudioInfo.swift in Sources */,
				1E541E9C2769E7170078A519 /* Log.swift in Sources */,
				1EB2C79D272EF2FE004B1338 /* AVAsset+WriteAudioAndThumbnail.swift in Sources */,
				1EC8590127204044005A1F3B /* WillConvertViewController.swift in Sources */,
				1EA1EEDD2721B85800C22C2C /* AudioConverter.swift in Sources */,
				1E17D3F5274A237200027A82 /* PlayerViewController.swift in Sources */,
				1E9B0C2B274757B700150ABD /* VideoListCollectionViewCell.swift in Sources */,
				1E541E7527632DDC0078A519 /* DidConvertedCoordinator.swift in Sources */,
				1E37135D278B2D8000F131C5 /* Media.swift in Sources */,
				1E17D3F12748EF8000027A82 /* PHAsset+Thumbnail.swift in Sources */,
				1E541E70276080EC0078A519 /* AppDIContainer.swift in Sources */,
				1E37135B278B07BB00F131C5 /* AssetPlayer.swift in Sources */,
				1E022EA827422522006B51DF /* DidConvertedViewController.swift in Sources */,
				1ED67FAE2773AA9D0097ED88 /* SelectMorePhotosButton.swift in Sources */,
				1E0AC7CF2779DC5300AC82A8 /* UIApplication+getMostTopVC.swift in Sources */,
				1EC858FD27204044005A1F3B /* AppDelegate.swift in Sources */,
				1E022EA32741838B006B51DF /* CMTime+TimeToString.swift in Sources */,
				1E17D3F9274A98FD00027A82 /* PlayerControlView.swift in Sources */,
				1E371365278B4C0700F131C5 /* DefaultMediaRepository.swift in Sources */,
				1E022E9D273FD62F006B51DF /* WillConvertTableViewCell.swift in Sources */,
				1E37136F278BF46B00F131C5 /* NowPlayableMetadata.swift in Sources */,
				1E022EAA27422DB3006B51DF /* ConvertView.swift in Sources */,
				1E541E6E275FC0FD0078A519 /* AppFlowCoordinator.swift in Sources */,
				1E8F4BF827C560620005B4AB /* PlayerListTableViewCell.swift in Sources */,
				1EC858FF27204044005A1F3B /* SceneDelegate.swift in Sources */,
				1E271E1A27B0B6070052DA8E /* DidConvertedViewModel.swift in Sources */,
				1E371375278C92D000F131C5 /* NowPlayableError.swift in Sources */,
				1E9F2E7D275CDDEB006E4FB0 /* AssetManager.swift in Sources */,
				1E541E8B276648600078A519 /* DiffableDataSource.swift in Sources */,
				1EA1EEE12723095F00C22C2C /* FileHelper.swift in Sources */,
				1E271E1827B011B30052DA8E /* WillConvertViewModel.swift in Sources */,
				1E9F2E61275267EE006E4FB0 /* MainTabBarController.swift in Sources */,
				1E9B0C252743982200150ABD /* HeaderView.swift in Sources */,
				1E371371278C22D700F131C5 /* NowPlayable.swift in Sources */,
				1E022EA0273FE18E006B51DF /* MediaView.swift in Sources */,
				1E271E1627AFA4CE0052DA8E /* PlayerViewModel.swift in Sources */,
				1E371373278C924300F131C5 /* NowPlayableCommand.swift in Sources */,
				1E371361278B41D500F131C5 /* FetchMediaUseCase.swift in Sources */,
				1E17D3F7274A295B00027A82 /* PlayerView.swift in Sources */,
				1E541E732760B9840078A519 /* MainTabBarCoordinator.swift in Sources */,
				1E9F2E5F27525C47006E4FB0 /* UIColor+AssetsColor.swift in Sources */,
				1E541E6A275FB1200078A519 /* WillConvertCoordinator.swift in Sources */,
				1E17D3EF2748E8BE00027A82 /* TimeInterval+ToString.swift in Sources */,
				1E0AC7CC277856CE00AC82A8 /* String+Localization.swift in Sources */,
			);
			runOnlyForDeploymentPostprocessing = 0;
		};
		1EC8590B27204047005A1F3B /* Sources */ = {
			isa = PBXSourcesBuildPhase;
			buildActionMask = 2147483647;
			files = (
				1EC8591427204047005A1F3B /* VideoConverterTests.swift in Sources */,
				1E6A8B342A2CC0A200D2EA48 /* Log.swift in Sources */,
				1EA1EEE927243C5300C22C2C /* AudioConverter.swift in Sources */,
				1EB2C7AA27312B5F004B1338 /* AVAsset+WriteAudioTests.swift in Sources */,
				1E7B347D2A361454008AC0F0 /* UnitTestForXcodeCloudTestFail.swift in Sources */,
				1E6A8B302A2CBE8A00D2EA48 /* AudioInfo.swift in Sources */,
				1E6A8B322A2CBECC00D2EA48 /* AVAsset+WriteAudioAndThumbnail.swift in Sources */,
				1EA1EEE32723145000C22C2C /* FileHelperTests.swift in Sources */,
				1EA1EEE42723191900C22C2C /* FileHelper.swift in Sources */,
			);
			runOnlyForDeploymentPostprocessing = 0;
		};
		1EC8591627204047005A1F3B /* Sources */ = {
			isa = PBXSourcesBuildPhase;
			buildActionMask = 2147483647;
			files = (
				1E6A8B352A2CC0A300D2EA48 /* Log.swift in Sources */,
				1EC8591F27204047005A1F3B /* VideoConverterUITests.swift in Sources */,
			);
			runOnlyForDeploymentPostprocessing = 0;
		};
		1EDCF96F2978522300737425 /* Sources */ = {
			isa = PBXSourcesBuildPhase;
			buildActionMask = 2147483647;
			files = (
				1EDCF9702978522300737425 /* VideoListViewController.swift in Sources */,
				1EDCF9712978522300737425 /* AudioInfo.swift in Sources */,
				1EDCF9722978522300737425 /* Log.swift in Sources */,
				1EDCF9732978522300737425 /* AVAsset+WriteAudioAndThumbnail.swift in Sources */,
				1EDCF9742978522300737425 /* WillConvertViewController.swift in Sources */,
				1EDCF9752978522300737425 /* AudioConverter.swift in Sources */,
				1EDCF9762978522300737425 /* PlayerViewController.swift in Sources */,
				1EDCF9772978522300737425 /* VideoListCollectionViewCell.swift in Sources */,
				1EDCF9782978522300737425 /* DidConvertedCoordinator.swift in Sources */,
				1EDCF9792978522300737425 /* Media.swift in Sources */,
				1EDCF97A2978522300737425 /* PHAsset+Thumbnail.swift in Sources */,
				1EDCF97B2978522300737425 /* AppDIContainer.swift in Sources */,
				1EDCF97C2978522300737425 /* AssetPlayer.swift in Sources */,
				1EDCF97D2978522300737425 /* DidConvertedViewController.swift in Sources */,
				1EDCF97E2978522300737425 /* SelectMorePhotosButton.swift in Sources */,
				1EDCF97F2978522300737425 /* UIApplication+getMostTopVC.swift in Sources */,
				1EDCF9802978522300737425 /* AppDelegate.swift in Sources */,
				1EDCF9812978522300737425 /* CMTime+TimeToString.swift in Sources */,
				1EDCF9822978522300737425 /* PlayerControlView.swift in Sources */,
				1EDCF9832978522300737425 /* DefaultMediaRepository.swift in Sources */,
				1EDCF9842978522300737425 /* WillConvertTableViewCell.swift in Sources */,
				1EDCF9852978522300737425 /* NowPlayableMetadata.swift in Sources */,
				1EDCF9862978522300737425 /* ConvertView.swift in Sources */,
				1EDCF9872978522300737425 /* AppFlowCoordinator.swift in Sources */,
				1EDCF9882978522300737425 /* PlayerListTableViewCell.swift in Sources */,
				1EDCF9892978522300737425 /* SceneDelegate.swift in Sources */,
				1EDCF98A2978522300737425 /* DidConvertedViewModel.swift in Sources */,
				1EDCF98B2978522300737425 /* NowPlayableError.swift in Sources */,
				1EDCF98C2978522300737425 /* AssetManager.swift in Sources */,
				1EDCF98D2978522300737425 /* DiffableDataSource.swift in Sources */,
				1EDCF98E2978522300737425 /* FileHelper.swift in Sources */,
				1EDCF98F2978522300737425 /* WillConvertViewModel.swift in Sources */,
				1EDCF9902978522300737425 /* MainTabBarController.swift in Sources */,
				1EDCF9912978522300737425 /* HeaderView.swift in Sources */,
				1EDCF9922978522300737425 /* NowPlayable.swift in Sources */,
				1EDCF9932978522300737425 /* MediaView.swift in Sources */,
				1EDCF9942978522300737425 /* PlayerViewModel.swift in Sources */,
				1EDCF9952978522300737425 /* NowPlayableCommand.swift in Sources */,
				1EDCF9962978522300737425 /* FetchMediaUseCase.swift in Sources */,
				1EDCF9972978522300737425 /* PlayerView.swift in Sources */,
				1EDCF9982978522300737425 /* MainTabBarCoordinator.swift in Sources */,
				1EDCF9992978522300737425 /* UIColor+AssetsColor.swift in Sources */,
				1EDCF99A2978522300737425 /* WillConvertCoordinator.swift in Sources */,
				1EDCF99B2978522300737425 /* TimeInterval+ToString.swift in Sources */,
				1EDCF99C2978522300737425 /* String+Localization.swift in Sources */,
			);
			runOnlyForDeploymentPostprocessing = 0;
		};
/* End PBXSourcesBuildPhase section */

/* Begin PBXTargetDependency section */
		1EC8591127204047005A1F3B /* PBXTargetDependency */ = {
			isa = PBXTargetDependency;
			target = 1EC858F827204043005A1F3B /* VideoConverter */;
			targetProxy = 1EC8591027204047005A1F3B /* PBXContainerItemProxy */;
		};
		1EC8591C27204047005A1F3B /* PBXTargetDependency */ = {
			isa = PBXTargetDependency;
			target = 1EC858F827204043005A1F3B /* VideoConverter */;
			targetProxy = 1EC8591B27204047005A1F3B /* PBXContainerItemProxy */;
		};
/* End PBXTargetDependency section */

/* Begin PBXVariantGroup section */
		1E0AC7BF2778361000AC82A8 /* InfoPlist.strings */ = {
			isa = PBXVariantGroup;
			children = (
				1E0AC7BE2778361000AC82A8 /* en */,
			);
			name = InfoPlist.strings;
			sourceTree = "<group>";
		};
		1E0AC7C92778554000AC82A8 /* Localizable.strings */ = {
			isa = PBXVariantGroup;
			children = (
				1E0AC7C82778554000AC82A8 /* en */,
			);
			name = Localizable.strings;
			sourceTree = "<group>";
		};
		1EC8590227204044005A1F3B /* Main.storyboard */ = {
			isa = PBXVariantGroup;
			children = (
				1EC8590327204044005A1F3B /* Base */,
			);
			name = Main.storyboard;
			sourceTree = "<group>";
		};
		1EC8590727204047005A1F3B /* LaunchScreen.storyboard */ = {
			isa = PBXVariantGroup;
			children = (
				1EC8590827204047005A1F3B /* Base */,
			);
			name = LaunchScreen.storyboard;
			sourceTree = "<group>";
		};
/* End PBXVariantGroup section */

/* Begin XCBuildConfiguration section */
		1EC8592127204047005A1F3B /* Debug */ = {
			isa = XCBuildConfiguration;
			buildSettings = {
				ALWAYS_SEARCH_USER_PATHS = NO;
				CLANG_ANALYZER_LOCALIZABILITY_NONLOCALIZED = YES;
				CLANG_ANALYZER_NONNULL = YES;
				CLANG_ANALYZER_NUMBER_OBJECT_CONVERSION = YES_AGGRESSIVE;
				CLANG_CXX_LANGUAGE_STANDARD = "gnu++14";
				CLANG_CXX_LIBRARY = "libc++";
				CLANG_ENABLE_MODULES = YES;
				CLANG_ENABLE_OBJC_ARC = YES;
				CLANG_ENABLE_OBJC_WEAK = YES;
				CLANG_WARN_BLOCK_CAPTURE_AUTORELEASING = YES;
				CLANG_WARN_BOOL_CONVERSION = YES;
				CLANG_WARN_COMMA = YES;
				CLANG_WARN_CONSTANT_CONVERSION = YES;
				CLANG_WARN_DEPRECATED_OBJC_IMPLEMENTATIONS = YES;
				CLANG_WARN_DIRECT_OBJC_ISA_USAGE = YES_ERROR;
				CLANG_WARN_DOCUMENTATION_COMMENTS = YES;
				CLANG_WARN_EMPTY_BODY = YES;
				CLANG_WARN_ENUM_CONVERSION = YES;
				CLANG_WARN_INFINITE_RECURSION = YES;
				CLANG_WARN_INT_CONVERSION = YES;
				CLANG_WARN_NON_LITERAL_NULL_CONVERSION = YES;
				CLANG_WARN_OBJC_IMPLICIT_RETAIN_SELF = YES;
				CLANG_WARN_OBJC_LITERAL_CONVERSION = YES;
				CLANG_WARN_OBJC_ROOT_CLASS = YES_ERROR;
				CLANG_WARN_QUOTED_INCLUDE_IN_FRAMEWORK_HEADER = YES;
				CLANG_WARN_RANGE_LOOP_ANALYSIS = YES;
				CLANG_WARN_STRICT_PROTOTYPES = YES;
				CLANG_WARN_SUSPICIOUS_MOVE = YES;
				CLANG_WARN_UNGUARDED_AVAILABILITY = YES_AGGRESSIVE;
				CLANG_WARN_UNREACHABLE_CODE = YES;
				CLANG_WARN__DUPLICATE_METHOD_MATCH = YES;
				COPY_PHASE_STRIP = NO;
				DEBUG_INFORMATION_FORMAT = dwarf;
				ENABLE_STRICT_OBJC_MSGSEND = YES;
				ENABLE_TESTABILITY = YES;
				GCC_C_LANGUAGE_STANDARD = gnu11;
				GCC_DYNAMIC_NO_PIC = NO;
				GCC_NO_COMMON_BLOCKS = YES;
				GCC_OPTIMIZATION_LEVEL = 0;
				GCC_PREPROCESSOR_DEFINITIONS = (
					"DEBUG=1",
					"$(inherited)",
				);
				GCC_WARN_64_TO_32_BIT_CONVERSION = YES;
				GCC_WARN_ABOUT_RETURN_TYPE = YES_ERROR;
				GCC_WARN_UNDECLARED_SELECTOR = YES;
				GCC_WARN_UNINITIALIZED_AUTOS = YES_AGGRESSIVE;
				GCC_WARN_UNUSED_FUNCTION = YES;
				GCC_WARN_UNUSED_VARIABLE = YES;
				IPHONEOS_DEPLOYMENT_TARGET = 14.5;
				MTL_ENABLE_DEBUG_INFO = INCLUDE_SOURCE;
				MTL_FAST_MATH = YES;
				ONLY_ACTIVE_ARCH = YES;
				SDKROOT = iphoneos;
				SWIFT_ACTIVE_COMPILATION_CONDITIONS = DEBUG;
				SWIFT_OPTIMIZATION_LEVEL = "-Onone";
			};
			name = Debug;
		};
		1EC8592227204047005A1F3B /* Release */ = {
			isa = XCBuildConfiguration;
			buildSettings = {
				ALWAYS_SEARCH_USER_PATHS = NO;
				CLANG_ANALYZER_LOCALIZABILITY_NONLOCALIZED = YES;
				CLANG_ANALYZER_NONNULL = YES;
				CLANG_ANALYZER_NUMBER_OBJECT_CONVERSION = YES_AGGRESSIVE;
				CLANG_CXX_LANGUAGE_STANDARD = "gnu++14";
				CLANG_CXX_LIBRARY = "libc++";
				CLANG_ENABLE_MODULES = YES;
				CLANG_ENABLE_OBJC_ARC = YES;
				CLANG_ENABLE_OBJC_WEAK = YES;
				CLANG_WARN_BLOCK_CAPTURE_AUTORELEASING = YES;
				CLANG_WARN_BOOL_CONVERSION = YES;
				CLANG_WARN_COMMA = YES;
				CLANG_WARN_CONSTANT_CONVERSION = YES;
				CLANG_WARN_DEPRECATED_OBJC_IMPLEMENTATIONS = YES;
				CLANG_WARN_DIRECT_OBJC_ISA_USAGE = YES_ERROR;
				CLANG_WARN_DOCUMENTATION_COMMENTS = YES;
				CLANG_WARN_EMPTY_BODY = YES;
				CLANG_WARN_ENUM_CONVERSION = YES;
				CLANG_WARN_INFINITE_RECURSION = YES;
				CLANG_WARN_INT_CONVERSION = YES;
				CLANG_WARN_NON_LITERAL_NULL_CONVERSION = YES;
				CLANG_WARN_OBJC_IMPLICIT_RETAIN_SELF = YES;
				CLANG_WARN_OBJC_LITERAL_CONVERSION = YES;
				CLANG_WARN_OBJC_ROOT_CLASS = YES_ERROR;
				CLANG_WARN_QUOTED_INCLUDE_IN_FRAMEWORK_HEADER = YES;
				CLANG_WARN_RANGE_LOOP_ANALYSIS = YES;
				CLANG_WARN_STRICT_PROTOTYPES = YES;
				CLANG_WARN_SUSPICIOUS_MOVE = YES;
				CLANG_WARN_UNGUARDED_AVAILABILITY = YES_AGGRESSIVE;
				CLANG_WARN_UNREACHABLE_CODE = YES;
				CLANG_WARN__DUPLICATE_METHOD_MATCH = YES;
				COPY_PHASE_STRIP = NO;
				DEBUG_INFORMATION_FORMAT = "dwarf-with-dsym";
				ENABLE_NS_ASSERTIONS = NO;
				ENABLE_STRICT_OBJC_MSGSEND = YES;
				GCC_C_LANGUAGE_STANDARD = gnu11;
				GCC_NO_COMMON_BLOCKS = YES;
				GCC_WARN_64_TO_32_BIT_CONVERSION = YES;
				GCC_WARN_ABOUT_RETURN_TYPE = YES_ERROR;
				GCC_WARN_UNDECLARED_SELECTOR = YES;
				GCC_WARN_UNINITIALIZED_AUTOS = YES_AGGRESSIVE;
				GCC_WARN_UNUSED_FUNCTION = YES;
				GCC_WARN_UNUSED_VARIABLE = YES;
				IPHONEOS_DEPLOYMENT_TARGET = 14.5;
				MTL_ENABLE_DEBUG_INFO = NO;
				MTL_FAST_MATH = YES;
				SDKROOT = iphoneos;
				SWIFT_COMPILATION_MODE = wholemodule;
				SWIFT_OPTIMIZATION_LEVEL = "-O";
				VALIDATE_PRODUCT = YES;
			};
			name = Release;
		};
		1EC8592427204047005A1F3B /* Debug */ = {
			isa = XCBuildConfiguration;
			baseConfigurationReference = 6291E461DA8C3942B63D51C7 /* Pods-VideoConverter.debug.xcconfig */;
			buildSettings = {
				ASSETCATALOG_COMPILER_APPICON_NAME = AppIcon;
				ASSETCATALOG_COMPILER_GLOBAL_ACCENT_COLOR_NAME = AccentColor;
				ASSETCATALOG_COMPILER_INCLUDE_ALL_APPICON_ASSETS = YES;
				CODE_SIGN_IDENTITY = "Apple Development";
				CODE_SIGN_STYLE = Automatic;
				CURRENT_PROJECT_VERSION = 13;
				DEVELOPMENT_TEAM = 7L5368DD56;
				INFOPLIST_FILE = VideoConverter/Info.plist;
				INFOPLIST_KEY_CFBundleDisplayName = "비디오컨버터";
				LD_RUNPATH_SEARCH_PATHS = (
					"$(inherited)",
					"@executable_path/Frameworks",
				);
				MARKETING_VERSION = 1.0.1;
				PRODUCT_BUNDLE_IDENTIFIER = HongzCloud.VideoConverter;
				PRODUCT_NAME = "$(TARGET_NAME)";
				PROVISIONING_PROFILE_SPECIFIER = "";
				SWIFT_ACTIVE_COMPILATION_CONDITIONS = LOG;
				SWIFT_VERSION = 5.0;
				TARGETED_DEVICE_FAMILY = 1;
			};
			name = Debug;
		};
		1EC8592527204047005A1F3B /* Release */ = {
			isa = XCBuildConfiguration;
			baseConfigurationReference = 3F7EB3BBB91FCF4EBD6AC6A1 /* Pods-VideoConverter.release.xcconfig */;
			buildSettings = {
				ASSETCATALOG_COMPILER_APPICON_NAME = AppIcon;
				ASSETCATALOG_COMPILER_GLOBAL_ACCENT_COLOR_NAME = AccentColor;
				ASSETCATALOG_COMPILER_INCLUDE_ALL_APPICON_ASSETS = YES;
				CODE_SIGN_IDENTITY = "Apple Development";
				CODE_SIGN_STYLE = Automatic;
				CURRENT_PROJECT_VERSION = 13;
				DEVELOPMENT_TEAM = 7L5368DD56;
				INFOPLIST_FILE = VideoConverter/Info.plist;
				INFOPLIST_KEY_CFBundleDisplayName = "비디오컨버터";
				LD_RUNPATH_SEARCH_PATHS = (
					"$(inherited)",
					"@executable_path/Frameworks",
				);
				MARKETING_VERSION = 1.0.1;
				PRODUCT_BUNDLE_IDENTIFIER = HongzCloud.VideoConverter;
				PRODUCT_NAME = "$(TARGET_NAME)";
				PROVISIONING_PROFILE_SPECIFIER = "";
				SWIFT_VERSION = 5.0;
				TARGETED_DEVICE_FAMILY = 1;
			};
			name = Release;
		};
		1EC8592727204047005A1F3B /* Debug */ = {
			isa = XCBuildConfiguration;
			baseConfigurationReference = AC4CBAA92AF021FE13B7AA32 /* Pods-VideoConverterTests.debug.xcconfig */;
			buildSettings = {
				ALWAYS_EMBED_SWIFT_STANDARD_LIBRARIES = YES;
				BUNDLE_LOADER = "$(TEST_HOST)";
				CODE_SIGN_STYLE = Automatic;
				DEVELOPMENT_TEAM = 7L5368DD56;
				INFOPLIST_FILE = VideoConverterTests/Info.plist;
				IPHONEOS_DEPLOYMENT_TARGET = 14.5;
				LD_RUNPATH_SEARCH_PATHS = (
					"$(inherited)",
					"@executable_path/Frameworks",
					"@loader_path/Frameworks",
				);
				PRODUCT_BUNDLE_IDENTIFIER = HongzCloud.VideoConverterTests;
				PRODUCT_NAME = "$(TARGET_NAME)";
				SWIFT_VERSION = 5.0;
				TARGETED_DEVICE_FAMILY = "1,2";
				TEST_HOST = "$(BUILT_PRODUCTS_DIR)/VideoConverter.app/VideoConverter";
			};
			name = Debug;
		};
		1EC8592827204047005A1F3B /* Release */ = {
			isa = XCBuildConfiguration;
			baseConfigurationReference = 1A10F206BBA4A0AF5F9F2F5B /* Pods-VideoConverterTests.release.xcconfig */;
			buildSettings = {
				ALWAYS_EMBED_SWIFT_STANDARD_LIBRARIES = YES;
				BUNDLE_LOADER = "$(TEST_HOST)";
				CODE_SIGN_STYLE = Automatic;
				DEVELOPMENT_TEAM = 7L5368DD56;
				INFOPLIST_FILE = VideoConverterTests/Info.plist;
				IPHONEOS_DEPLOYMENT_TARGET = 14.5;
				LD_RUNPATH_SEARCH_PATHS = (
					"$(inherited)",
					"@executable_path/Frameworks",
					"@loader_path/Frameworks",
				);
				PRODUCT_BUNDLE_IDENTIFIER = HongzCloud.VideoConverterTests;
				PRODUCT_NAME = "$(TARGET_NAME)";
				SWIFT_VERSION = 5.0;
				TARGETED_DEVICE_FAMILY = "1,2";
				TEST_HOST = "$(BUILT_PRODUCTS_DIR)/VideoConverter.app/VideoConverter";
			};
			name = Release;
		};
		1EC8592A27204047005A1F3B /* Debug */ = {
			isa = XCBuildConfiguration;
			baseConfigurationReference = F53F62BABA6E726B9F0F2AD4 /* Pods-VideoConverter-VideoConverterUITests.debug.xcconfig */;
			buildSettings = {
				ALWAYS_EMBED_SWIFT_STANDARD_LIBRARIES = YES;
				CODE_SIGN_STYLE = Automatic;
				DEVELOPMENT_TEAM = 7L5368DD56;
				INFOPLIST_FILE = VideoConverterUITests/Info.plist;
				LD_RUNPATH_SEARCH_PATHS = (
					"$(inherited)",
					"@executable_path/Frameworks",
					"@loader_path/Frameworks",
				);
				PRODUCT_BUNDLE_IDENTIFIER = HongzCloud.VideoConverterUITests;
				PRODUCT_NAME = "$(TARGET_NAME)";
				SWIFT_VERSION = 5.0;
				TARGETED_DEVICE_FAMILY = "1,2";
				TEST_TARGET_NAME = VideoConverter;
			};
			name = Debug;
		};
		1EC8592B27204047005A1F3B /* Release */ = {
			isa = XCBuildConfiguration;
			baseConfigurationReference = 2D1BE4320CD63C1A3DF2F02C /* Pods-VideoConverter-VideoConverterUITests.release.xcconfig */;
			buildSettings = {
				ALWAYS_EMBED_SWIFT_STANDARD_LIBRARIES = YES;
				CODE_SIGN_STYLE = Automatic;
				DEVELOPMENT_TEAM = 7L5368DD56;
				INFOPLIST_FILE = VideoConverterUITests/Info.plist;
				LD_RUNPATH_SEARCH_PATHS = (
					"$(inherited)",
					"@executable_path/Frameworks",
					"@loader_path/Frameworks",
				);
				PRODUCT_BUNDLE_IDENTIFIER = HongzCloud.VideoConverterUITests;
				PRODUCT_NAME = "$(TARGET_NAME)";
				SWIFT_VERSION = 5.0;
				TARGETED_DEVICE_FAMILY = "1,2";
				TEST_TARGET_NAME = VideoConverter;
			};
			name = Release;
		};
		1EDCF9AA2978522300737425 /* Debug */ = {
			isa = XCBuildConfiguration;
			baseConfigurationReference = E25D462294021F7C5CE8250F /* Pods-VideoConverter-Dev-VideoConverter.debug.xcconfig */;
			buildSettings = {
				ASSETCATALOG_COMPILER_APPICON_NAME = AppIcon;
				ASSETCATALOG_COMPILER_GLOBAL_ACCENT_COLOR_NAME = AccentColor;
				ASSETCATALOG_COMPILER_INCLUDE_ALL_APPICON_ASSETS = YES;
				CODE_SIGN_IDENTITY = "Apple Development";
				CODE_SIGN_STYLE = Automatic;
				CURRENT_PROJECT_VERSION = 13;
				DEVELOPMENT_TEAM = 7L5368DD56;
				INFOPLIST_FILE = "Dev-VideoConverter.plist";
				INFOPLIST_KEY_CFBundleDisplayName = "비디오컨버터";
				LD_RUNPATH_SEARCH_PATHS = (
					"$(inherited)",
					"@executable_path/Frameworks",
				);
				MARKETING_VERSION = 1.0.1;
				PRODUCT_BUNDLE_IDENTIFIER = com.videoconverter.dev.app;
				PRODUCT_NAME = "$(TARGET_NAME)";
				PROVISIONING_PROFILE_SPECIFIER = "";
				SWIFT_ACTIVE_COMPILATION_CONDITIONS = LOG;
				SWIFT_VERSION = 5.0;
				TARGETED_DEVICE_FAMILY = 1;
			};
			name = Debug;
		};
		1EDCF9AB2978522300737425 /* Release */ = {
			isa = XCBuildConfiguration;
			baseConfigurationReference = 4EDE9599A344D37DF8A3678E /* Pods-VideoConverter-Dev-VideoConverter.release.xcconfig */;
			buildSettings = {
				ASSETCATALOG_COMPILER_APPICON_NAME = AppIcon;
				ASSETCATALOG_COMPILER_GLOBAL_ACCENT_COLOR_NAME = AccentColor;
				ASSETCATALOG_COMPILER_INCLUDE_ALL_APPICON_ASSETS = YES;
				CODE_SIGN_IDENTITY = "Apple Development";
				CODE_SIGN_STYLE = Automatic;
				CURRENT_PROJECT_VERSION = 13;
				DEVELOPMENT_TEAM = 7L5368DD56;
				INFOPLIST_FILE = "Dev-VideoConverter.plist";
				INFOPLIST_KEY_CFBundleDisplayName = "비디오컨버터";
				LD_RUNPATH_SEARCH_PATHS = (
					"$(inherited)",
					"@executable_path/Frameworks",
				);
				MARKETING_VERSION = 1.0.1;
				PRODUCT_BUNDLE_IDENTIFIER = com.videoconverter.dev.app;
				PRODUCT_NAME = "$(TARGET_NAME)";
				PROVISIONING_PROFILE_SPECIFIER = "";
				SWIFT_VERSION = 5.0;
				TARGETED_DEVICE_FAMILY = 1;
			};
			name = Release;
		};
/* End XCBuildConfiguration section */

/* Begin XCConfigurationList section */
		1EC858F427204043005A1F3B /* Build configuration list for PBXProject "VideoConverter" */ = {
			isa = XCConfigurationList;
			buildConfigurations = (
				1EC8592127204047005A1F3B /* Debug */,
				1EC8592227204047005A1F3B /* Release */,
			);
			defaultConfigurationIsVisible = 0;
			defaultConfigurationName = Release;
		};
		1EC8592327204047005A1F3B /* Build configuration list for PBXNativeTarget "VideoConverter" */ = {
			isa = XCConfigurationList;
			buildConfigurations = (
				1EC8592427204047005A1F3B /* Debug */,
				1EC8592527204047005A1F3B /* Release */,
			);
			defaultConfigurationIsVisible = 0;
			defaultConfigurationName = Release;
		};
		1EC8592627204047005A1F3B /* Build configuration list for PBXNativeTarget "VideoConverterTests" */ = {
			isa = XCConfigurationList;
			buildConfigurations = (
				1EC8592727204047005A1F3B /* Debug */,
				1EC8592827204047005A1F3B /* Release */,
			);
			defaultConfigurationIsVisible = 0;
			defaultConfigurationName = Release;
		};
		1EC8592927204047005A1F3B /* Build configuration list for PBXNativeTarget "VideoConverterUITests" */ = {
			isa = XCConfigurationList;
			buildConfigurations = (
				1EC8592A27204047005A1F3B /* Debug */,
				1EC8592B27204047005A1F3B /* Release */,
			);
			defaultConfigurationIsVisible = 0;
			defaultConfigurationName = Release;
		};
		1EDCF9A92978522300737425 /* Build configuration list for PBXNativeTarget "Dev-VideoConverter" */ = {
			isa = XCConfigurationList;
			buildConfigurations = (
				1EDCF9AA2978522300737425 /* Debug */,
				1EDCF9AB2978522300737425 /* Release */,
			);
			defaultConfigurationIsVisible = 0;
			defaultConfigurationName = Release;
		};
/* End XCConfigurationList section */
	};
	rootObject = 1EC858F127204043005A1F3B /* Project object */;
}
