// !$*UTF8*$!
{
	archiveVersion = 1;
	classes = {
	};
	objectVersion = 50;
	objects = {

/* Begin PBXBuildFile section */
		1E022E95273EB599006B51DF /* sampleVideoMOV.MOV in Resources */ = {isa = PBXBuildFile; fileRef = 1E022E94273EB599006B51DF /* sampleVideoMOV.MOV */; };
		1E022E9D273FD62F006B51DF /* WillConvertTableViewCell.swift in Sources */ = {isa = PBXBuildFile; fileRef = 1E022E9B273FD62F006B51DF /* WillConvertTableViewCell.swift */; };
		1E022EA0273FE18E006B51DF /* MediaView.swift in Sources */ = {isa = PBXBuildFile; fileRef = 1E022E9F273FE18E006B51DF /* MediaView.swift */; };
		1E022EA32741838B006B51DF /* CMTime+TimeToString.swift in Sources */ = {isa = PBXBuildFile; fileRef = 1E022EA22741838B006B51DF /* CMTime+TimeToString.swift */; };
		1E022EA827422522006B51DF /* DidConvertedTableViewController.swift in Sources */ = {isa = PBXBuildFile; fileRef = 1E022EA727422522006B51DF /* DidConvertedTableViewController.swift */; };
		1E022EAA27422DB3006B51DF /* ConvertView.swift in Sources */ = {isa = PBXBuildFile; fileRef = 1E022EA927422DB3006B51DF /* ConvertView.swift */; };
		1E17D3EF2748E8BE00027A82 /* TimeInterval+ToString.swift in Sources */ = {isa = PBXBuildFile; fileRef = 1E17D3EE2748E8BE00027A82 /* TimeInterval+ToString.swift */; };
		1E17D3F12748EF8000027A82 /* PHAsset+Thumbnail.swift in Sources */ = {isa = PBXBuildFile; fileRef = 1E17D3F02748EF8000027A82 /* PHAsset+Thumbnail.swift */; };
		1E2B406F2729CE6E006E1FEB /* sampleWAV.wav in Resources */ = {isa = PBXBuildFile; fileRef = 1E2B406E2729CE6D006E1FEB /* sampleWAV.wav */; };
		1E9B0C252743982200150ABD /* HeaderView.swift in Sources */ = {isa = PBXBuildFile; fileRef = 1E9B0C242743982200150ABD /* HeaderView.swift */; };
		1E9B0C292745150600150ABD /* VideoListViewController.swift in Sources */ = {isa = PBXBuildFile; fileRef = 1E9B0C282745150600150ABD /* VideoListViewController.swift */; };
		1E9B0C2B274757B700150ABD /* VideoListCollectionViewCell.swift in Sources */ = {isa = PBXBuildFile; fileRef = 1E9B0C2A274757B700150ABD /* VideoListCollectionViewCell.swift */; };
		1EA1EEDD2721B85800C22C2C /* AudioConverter.swift in Sources */ = {isa = PBXBuildFile; fileRef = 1EA1EEDC2721B85800C22C2C /* AudioConverter.swift */; };
		1EA1EEE12723095F00C22C2C /* FileHelper.swift in Sources */ = {isa = PBXBuildFile; fileRef = 1EA1EEE02723095F00C22C2C /* FileHelper.swift */; };
		1EA1EEE32723145000C22C2C /* FileHelperTests.swift in Sources */ = {isa = PBXBuildFile; fileRef = 1EA1EEE22723145000C22C2C /* FileHelperTests.swift */; };
		1EA1EEE42723191900C22C2C /* FileHelper.swift in Sources */ = {isa = PBXBuildFile; fileRef = 1EA1EEE02723095F00C22C2C /* FileHelper.swift */; };
		1EA1EEE62724376600C22C2C /* sampleMP3.mp3 in Resources */ = {isa = PBXBuildFile; fileRef = 1EA1EEE52724376600C22C2C /* sampleMP3.mp3 */; };
		1EA1EEE8272438BE00C22C2C /* AudioConverterTests.swift in Sources */ = {isa = PBXBuildFile; fileRef = 1EA1EEE7272438BE00C22C2C /* AudioConverterTests.swift */; };
		1EA1EEE927243C5300C22C2C /* AudioConverter.swift in Sources */ = {isa = PBXBuildFile; fileRef = 1EA1EEDC2721B85800C22C2C /* AudioConverter.swift */; };
		1EA1EEEA27245A0700C22C2C /* Audio.swift in Sources */ = {isa = PBXBuildFile; fileRef = 1EC8592F27207424005A1F3B /* Audio.swift */; };
		1EA1EEEB27245CED00C22C2C /* sampleMP3.mp3 in Resources */ = {isa = PBXBuildFile; fileRef = 1EA1EEE52724376600C22C2C /* sampleMP3.mp3 */; };
		1EA1EEF02726B74200C22C2C /* sampleTestMP3.mp3 in Resources */ = {isa = PBXBuildFile; fileRef = 1EA1EEEF2726B74200C22C2C /* sampleTestMP3.mp3 */; };
		1EB2C79D272EF2FE004B1338 /* AVAsset+WriteAudio.swift in Sources */ = {isa = PBXBuildFile; fileRef = 1EB2C79C272EF2FE004B1338 /* AVAsset+WriteAudio.swift */; };
		1EB2C79F272FE590004B1338 /* sampleVideoMP4.mp4 in Resources */ = {isa = PBXBuildFile; fileRef = 1EB2C79E272FE49E004B1338 /* sampleVideoMP4.mp4 */; };
		1EB2C7AA27312B5F004B1338 /* AVAsset+WriteAudioTests.swift in Sources */ = {isa = PBXBuildFile; fileRef = 1EB2C7A927312B5F004B1338 /* AVAsset+WriteAudioTests.swift */; };
		1EC858FD27204044005A1F3B /* AppDelegate.swift in Sources */ = {isa = PBXBuildFile; fileRef = 1EC858FC27204044005A1F3B /* AppDelegate.swift */; };
		1EC858FF27204044005A1F3B /* SceneDelegate.swift in Sources */ = {isa = PBXBuildFile; fileRef = 1EC858FE27204044005A1F3B /* SceneDelegate.swift */; };
		1EC8590127204044005A1F3B /* WillConvertViewController.swift in Sources */ = {isa = PBXBuildFile; fileRef = 1EC8590027204044005A1F3B /* WillConvertViewController.swift */; };
		1EC8590427204044005A1F3B /* Main.storyboard in Resources */ = {isa = PBXBuildFile; fileRef = 1EC8590227204044005A1F3B /* Main.storyboard */; };
		1EC8590627204047005A1F3B /* Assets.xcassets in Resources */ = {isa = PBXBuildFile; fileRef = 1EC8590527204047005A1F3B /* Assets.xcassets */; };
		1EC8590927204047005A1F3B /* LaunchScreen.storyboard in Resources */ = {isa = PBXBuildFile; fileRef = 1EC8590727204047005A1F3B /* LaunchScreen.storyboard */; };
		1EC8591427204047005A1F3B /* VideoConverterTests.swift in Sources */ = {isa = PBXBuildFile; fileRef = 1EC8591327204047005A1F3B /* VideoConverterTests.swift */; };
		1EC8591F27204047005A1F3B /* VideoConverterUITests.swift in Sources */ = {isa = PBXBuildFile; fileRef = 1EC8591E27204047005A1F3B /* VideoConverterUITests.swift */; };
		1EC8593027207424005A1F3B /* Audio.swift in Sources */ = {isa = PBXBuildFile; fileRef = 1EC8592F27207424005A1F3B /* Audio.swift */; };
		74E60A7E4C77E22EAC38D4E1 /* Pods_VideoConverterTests.framework in Frameworks */ = {isa = PBXBuildFile; fileRef = E9D4D1962B10434AF7076302 /* Pods_VideoConverterTests.framework */; };
		A58F17A3690AD2F084367573 /* Pods_VideoConverter.framework in Frameworks */ = {isa = PBXBuildFile; fileRef = 6B60B64C24CDB733AB125400 /* Pods_VideoConverter.framework */; };
		D7D2B3F4309063276E68936E /* Pods_VideoConverter_VideoConverterUITests.framework in Frameworks */ = {isa = PBXBuildFile; fileRef = 3CC7118073DE394BBB4A3C3E /* Pods_VideoConverter_VideoConverterUITests.framework */; };
/* End PBXBuildFile section */

/* Begin PBXContainerItemProxy section */
		1EC8591027204047005A1F3B /* PBXContainerItemProxy */ = {
			isa = PBXContainerItemProxy;
			containerPortal = 1EC858F127204043005A1F3B /* Project object */;
			proxyType = 1;
			remoteGlobalIDString = 1EC858F827204043005A1F3B;
			remoteInfo = VideoConverter;
		};
		1EC8591B27204047005A1F3B /* PBXContainerItemProxy */ = {
			isa = PBXContainerItemProxy;
			containerPortal = 1EC858F127204043005A1F3B /* Project object */;
			proxyType = 1;
			remoteGlobalIDString = 1EC858F827204043005A1F3B;
			remoteInfo = VideoConverter;
		};
/* End PBXContainerItemProxy section */

/* Begin PBXFileReference section */
		1E022E94273EB599006B51DF /* sampleVideoMOV.MOV */ = {isa = PBXFileReference; lastKnownFileType = video.quicktime; name = sampleVideoMOV.MOV; path = ../../../../Downloads/sampleVideoMOV.MOV; sourceTree = "<group>"; };
		1E022E9B273FD62F006B51DF /* WillConvertTableViewCell.swift */ = {isa = PBXFileReference; lastKnownFileType = sourcecode.swift; path = WillConvertTableViewCell.swift; sourceTree = "<group>"; };
		1E022E9F273FE18E006B51DF /* MediaView.swift */ = {isa = PBXFileReference; lastKnownFileType = sourcecode.swift; path = MediaView.swift; sourceTree = "<group>"; };
		1E022EA22741838B006B51DF /* CMTime+TimeToString.swift */ = {isa = PBXFileReference; lastKnownFileType = sourcecode.swift; path = "CMTime+TimeToString.swift"; sourceTree = "<group>"; };
		1E022EA727422522006B51DF /* DidConvertedTableViewController.swift */ = {isa = PBXFileReference; lastKnownFileType = sourcecode.swift; path = DidConvertedTableViewController.swift; sourceTree = "<group>"; };
		1E022EA927422DB3006B51DF /* ConvertView.swift */ = {isa = PBXFileReference; lastKnownFileType = sourcecode.swift; path = ConvertView.swift; sourceTree = "<group>"; };
		1E17D3EE2748E8BE00027A82 /* TimeInterval+ToString.swift */ = {isa = PBXFileReference; lastKnownFileType = sourcecode.swift; path = "TimeInterval+ToString.swift"; sourceTree = "<group>"; };
		1E17D3F02748EF8000027A82 /* PHAsset+Thumbnail.swift */ = {isa = PBXFileReference; lastKnownFileType = sourcecode.swift; path = "PHAsset+Thumbnail.swift"; sourceTree = "<group>"; };
		1E2B406E2729CE6D006E1FEB /* sampleWAV.wav */ = {isa = PBXFileReference; lastKnownFileType = audio.wav; name = sampleWAV.wav; path = ../../../../Downloads/sampleWAV.wav; sourceTree = "<group>"; };
		1E9B0C242743982200150ABD /* HeaderView.swift */ = {isa = PBXFileReference; lastKnownFileType = sourcecode.swift; path = HeaderView.swift; sourceTree = "<group>"; };
		1E9B0C282745150600150ABD /* VideoListViewController.swift */ = {isa = PBXFileReference; lastKnownFileType = sourcecode.swift; path = VideoListViewController.swift; sourceTree = "<group>"; };
		1E9B0C2A274757B700150ABD /* VideoListCollectionViewCell.swift */ = {isa = PBXFileReference; lastKnownFileType = sourcecode.swift; path = VideoListCollectionViewCell.swift; sourceTree = "<group>"; };
		1EA1EEDC2721B85800C22C2C /* AudioConverter.swift */ = {isa = PBXFileReference; lastKnownFileType = sourcecode.swift; path = AudioConverter.swift; sourceTree = "<group>"; };
		1EA1EEE02723095F00C22C2C /* FileHelper.swift */ = {isa = PBXFileReference; lastKnownFileType = sourcecode.swift; path = FileHelper.swift; sourceTree = "<group>"; };
		1EA1EEE22723145000C22C2C /* FileHelperTests.swift */ = {isa = PBXFileReference; lastKnownFileType = sourcecode.swift; path = FileHelperTests.swift; sourceTree = "<group>"; };
		1EA1EEE52724376600C22C2C /* sampleMP3.mp3 */ = {isa = PBXFileReference; lastKnownFileType = audio.mp3; name = sampleMP3.mp3; path = ../../../../Downloads/sampleMP3.mp3; sourceTree = "<group>"; };
		1EA1EEE7272438BE00C22C2C /* AudioConverterTests.swift */ = {isa = PBXFileReference; lastKnownFileType = sourcecode.swift; path = AudioConverterTests.swift; sourceTree = "<group>"; };
		1EA1EEEF2726B74200C22C2C /* sampleTestMP3.mp3 */ = {isa = PBXFileReference; lastKnownFileType = audio.mp3; name = sampleTestMP3.mp3; path = ../../../../Downloads/sampleTestMP3.mp3; sourceTree = "<group>"; };
		1EA1EEF12726B75F00C22C2C /* sampleTestAAC.aac */ = {isa = PBXFileReference; lastKnownFileType = file; name = sampleTestAAC.aac; path = ../../../../Downloads/sampleTestAAC.aac; sourceTree = "<group>"; };
		1EB2C79C272EF2FE004B1338 /* AVAsset+WriteAudio.swift */ = {isa = PBXFileReference; lastKnownFileType = sourcecode.swift; path = "AVAsset+WriteAudio.swift"; sourceTree = "<group>"; };
		1EB2C79E272FE49E004B1338 /* sampleVideoMP4.mp4 */ = {isa = PBXFileReference; lastKnownFileType = file; name = sampleVideoMP4.mp4; path = ../../../../Downloads/sampleVideoMP4.mp4; sourceTree = "<group>"; };
		1EB2C7A927312B5F004B1338 /* AVAsset+WriteAudioTests.swift */ = {isa = PBXFileReference; lastKnownFileType = sourcecode.swift; path = "AVAsset+WriteAudioTests.swift"; sourceTree = "<group>"; };
		1EC858F927204044005A1F3B /* VideoConverter.app */ = {isa = PBXFileReference; explicitFileType = wrapper.application; includeInIndex = 0; path = VideoConverter.app; sourceTree = BUILT_PRODUCTS_DIR; };
		1EC858FC27204044005A1F3B /* AppDelegate.swift */ = {isa = PBXFileReference; lastKnownFileType = sourcecode.swift; path = AppDelegate.swift; sourceTree = "<group>"; };
		1EC858FE27204044005A1F3B /* SceneDelegate.swift */ = {isa = PBXFileReference; lastKnownFileType = sourcecode.swift; path = SceneDelegate.swift; sourceTree = "<group>"; };
		1EC8590027204044005A1F3B /* WillConvertViewController.swift */ = {isa = PBXFileReference; lastKnownFileType = sourcecode.swift; path = WillConvertViewController.swift; sourceTree = "<group>"; };
		1EC8590327204044005A1F3B /* Base */ = {isa = PBXFileReference; lastKnownFileType = file.storyboard; name = Base; path = Base.lproj/Main.storyboard; sourceTree = "<group>"; };
		1EC8590527204047005A1F3B /* Assets.xcassets */ = {isa = PBXFileReference; lastKnownFileType = folder.assetcatalog; path = Assets.xcassets; sourceTree = "<group>"; };
		1EC8590827204047005A1F3B /* Base */ = {isa = PBXFileReference; lastKnownFileType = file.storyboard; name = Base; path = Base.lproj/LaunchScreen.storyboard; sourceTree = "<group>"; };
		1EC8590A27204047005A1F3B /* Info.plist */ = {isa = PBXFileReference; lastKnownFileType = text.plist.xml; path = Info.plist; sourceTree = "<group>"; };
		1EC8590F27204047005A1F3B /* VideoConverterTests.xctest */ = {isa = PBXFileReference; explicitFileType = wrapper.cfbundle; includeInIndex = 0; path = VideoConverterTests.xctest; sourceTree = BUILT_PRODUCTS_DIR; };
		1EC8591327204047005A1F3B /* VideoConverterTests.swift */ = {isa = PBXFileReference; lastKnownFileType = sourcecode.swift; path = VideoConverterTests.swift; sourceTree = "<group>"; };
		1EC8591527204047005A1F3B /* Info.plist */ = {isa = PBXFileReference; lastKnownFileType = text.plist.xml; path = Info.plist; sourceTree = "<group>"; };
		1EC8591A27204047005A1F3B /* VideoConverterUITests.xctest */ = {isa = PBXFileReference; explicitFileType = wrapper.cfbundle; includeInIndex = 0; path = VideoConverterUITests.xctest; sourceTree = BUILT_PRODUCTS_DIR; };
		1EC8591E27204047005A1F3B /* VideoConverterUITests.swift */ = {isa = PBXFileReference; lastKnownFileType = sourcecode.swift; path = VideoConverterUITests.swift; sourceTree = "<group>"; };
		1EC8592027204047005A1F3B /* Info.plist */ = {isa = PBXFileReference; lastKnownFileType = text.plist.xml; path = Info.plist; sourceTree = "<group>"; };
		1EC8592F27207424005A1F3B /* Audio.swift */ = {isa = PBXFileReference; lastKnownFileType = sourcecode.swift; path = Audio.swift; sourceTree = "<group>"; };
		3CC7118073DE394BBB4A3C3E /* Pods_VideoConverter_VideoConverterUITests.framework */ = {isa = PBXFileReference; explicitFileType = wrapper.framework; includeInIndex = 0; path = Pods_VideoConverter_VideoConverterUITests.framework; sourceTree = BUILT_PRODUCTS_DIR; };
		40F2C999DD65474937798078 /* Pods-VideoConverter.release.xcconfig */ = {isa = PBXFileReference; includeInIndex = 1; lastKnownFileType = text.xcconfig; name = "Pods-VideoConverter.release.xcconfig"; path = "Target Support Files/Pods-VideoConverter/Pods-VideoConverter.release.xcconfig"; sourceTree = "<group>"; };
		52B4BADE68F097FF9E4C42C1 /* Pods-VideoConverter-VideoConverterUITests.debug.xcconfig */ = {isa = PBXFileReference; includeInIndex = 1; lastKnownFileType = text.xcconfig; name = "Pods-VideoConverter-VideoConverterUITests.debug.xcconfig"; path = "Target Support Files/Pods-VideoConverter-VideoConverterUITests/Pods-VideoConverter-VideoConverterUITests.debug.xcconfig"; sourceTree = "<group>"; };
		6B60B64C24CDB733AB125400 /* Pods_VideoConverter.framework */ = {isa = PBXFileReference; explicitFileType = wrapper.framework; includeInIndex = 0; path = Pods_VideoConverter.framework; sourceTree = BUILT_PRODUCTS_DIR; };
		A91473968991EB15904F87D6 /* Pods-VideoConverterTests.release.xcconfig */ = {isa = PBXFileReference; includeInIndex = 1; lastKnownFileType = text.xcconfig; name = "Pods-VideoConverterTests.release.xcconfig"; path = "Target Support Files/Pods-VideoConverterTests/Pods-VideoConverterTests.release.xcconfig"; sourceTree = "<group>"; };
		AC634B3A5ABDBC8A8FBC72BC /* Pods-VideoConverter-VideoConverterUITests.release.xcconfig */ = {isa = PBXFileReference; includeInIndex = 1; lastKnownFileType = text.xcconfig; name = "Pods-VideoConverter-VideoConverterUITests.release.xcconfig"; path = "Target Support Files/Pods-VideoConverter-VideoConverterUITests/Pods-VideoConverter-VideoConverterUITests.release.xcconfig"; sourceTree = "<group>"; };
		D4D087113E2D523987DEAA11 /* Pods-VideoConverterTests.debug.xcconfig */ = {isa = PBXFileReference; includeInIndex = 1; lastKnownFileType = text.xcconfig; name = "Pods-VideoConverterTests.debug.xcconfig"; path = "Target Support Files/Pods-VideoConverterTests/Pods-VideoConverterTests.debug.xcconfig"; sourceTree = "<group>"; };
		D626C3A60FB696E0D458BAC7 /* Pods-VideoConverter.debug.xcconfig */ = {isa = PBXFileReference; includeInIndex = 1; lastKnownFileType = text.xcconfig; name = "Pods-VideoConverter.debug.xcconfig"; path = "Target Support Files/Pods-VideoConverter/Pods-VideoConverter.debug.xcconfig"; sourceTree = "<group>"; };
		E9D4D1962B10434AF7076302 /* Pods_VideoConverterTests.framework */ = {isa = PBXFileReference; explicitFileType = wrapper.framework; includeInIndex = 0; path = Pods_VideoConverterTests.framework; sourceTree = BUILT_PRODUCTS_DIR; };
/* End PBXFileReference section */

/* Begin PBXFrameworksBuildPhase section */
		1EC858F627204043005A1F3B /* Frameworks */ = {
			isa = PBXFrameworksBuildPhase;
			buildActionMask = 2147483647;
			files = (
				A58F17A3690AD2F084367573 /* Pods_VideoConverter.framework in Frameworks */,
			);
			runOnlyForDeploymentPostprocessing = 0;
		};
		1EC8590C27204047005A1F3B /* Frameworks */ = {
			isa = PBXFrameworksBuildPhase;
			buildActionMask = 2147483647;
			files = (
				74E60A7E4C77E22EAC38D4E1 /* Pods_VideoConverterTests.framework in Frameworks */,
			);
			runOnlyForDeploymentPostprocessing = 0;
		};
		1EC8591727204047005A1F3B /* Frameworks */ = {
			isa = PBXFrameworksBuildPhase;
			buildActionMask = 2147483647;
			files = (
				D7D2B3F4309063276E68936E /* Pods_VideoConverter_VideoConverterUITests.framework in Frameworks */,
			);
			runOnlyForDeploymentPostprocessing = 0;
		};
/* End PBXFrameworksBuildPhase section */

/* Begin PBXGroup section */
		1E022E98273FD45D006B51DF /* View */ = {
			isa = PBXGroup;
			children = (
				1E022E9B273FD62F006B51DF /* WillConvertTableViewCell.swift */,
				1E022E9F273FE18E006B51DF /* MediaView.swift */,
				1E022EA927422DB3006B51DF /* ConvertView.swift */,
				1E9B0C242743982200150ABD /* HeaderView.swift */,
				1E9B0C2A274757B700150ABD /* VideoListCollectionViewCell.swift */,
			);
			path = View;
			sourceTree = "<group>";
		};
		1E022EA12741827C006B51DF /* Extension */ = {
			isa = PBXGroup;
			children = (
				1EB2C79C272EF2FE004B1338 /* AVAsset+WriteAudio.swift */,
				1E022EA22741838B006B51DF /* CMTime+TimeToString.swift */,
				1E17D3EE2748E8BE00027A82 /* TimeInterval+ToString.swift */,
				1E17D3F02748EF8000027A82 /* PHAsset+Thumbnail.swift */,
			);
			path = Extension;
			sourceTree = "<group>";
		};
		1E022EA427422473006B51DF /* Controller */ = {
			isa = PBXGroup;
			children = (
				1EC8590027204044005A1F3B /* WillConvertViewController.swift */,
				1E022EA727422522006B51DF /* DidConvertedTableViewController.swift */,
				1E9B0C282745150600150ABD /* VideoListViewController.swift */,
			);
			path = Controller;
			sourceTree = "<group>";
		};
		1EC858F027204043005A1F3B = {
			isa = PBXGroup;
			children = (
				1EC858FB27204044005A1F3B /* VideoConverter */,
				1EC8591227204047005A1F3B /* VideoConverterTests */,
				1EC8591D27204047005A1F3B /* VideoConverterUITests */,
				1EC858FA27204044005A1F3B /* Products */,
				884C408719F7B4D21269BEBE /* Pods */,
				3176E00E75DDCE619B01EB9E /* Frameworks */,
			);
			sourceTree = "<group>";
		};
		1EC858FA27204044005A1F3B /* Products */ = {
			isa = PBXGroup;
			children = (
				1EC858F927204044005A1F3B /* VideoConverter.app */,
				1EC8590F27204047005A1F3B /* VideoConverterTests.xctest */,
				1EC8591A27204047005A1F3B /* VideoConverterUITests.xctest */,
			);
			name = Products;
			sourceTree = "<group>";
		};
		1EC858FB27204044005A1F3B /* VideoConverter */ = {
			isa = PBXGroup;
			children = (
				1EC8592E27207419005A1F3B /* Model */,
				1E022E98273FD45D006B51DF /* View */,
				1E022EA427422473006B51DF /* Controller */,
				1E022EA12741827C006B51DF /* Extension */,
				1EC858FC27204044005A1F3B /* AppDelegate.swift */,
				1EC858FE27204044005A1F3B /* SceneDelegate.swift */,
				1EC8590227204044005A1F3B /* Main.storyboard */,
				1EC8590527204047005A1F3B /* Assets.xcassets */,
				1EC8590727204047005A1F3B /* LaunchScreen.storyboard */,
				1EC8590A27204047005A1F3B /* Info.plist */,
				1EA1EEE02723095F00C22C2C /* FileHelper.swift */,
				1EA1EEDC2721B85800C22C2C /* AudioConverter.swift */,
				1EA1EEE52724376600C22C2C /* sampleMP3.mp3 */,
				1E2B406E2729CE6D006E1FEB /* sampleWAV.wav */,
				1EB2C79E272FE49E004B1338 /* sampleVideoMP4.mp4 */,
			);
			path = VideoConverter;
			sourceTree = "<group>";
		};
		1EC8591227204047005A1F3B /* VideoConverterTests */ = {
			isa = PBXGroup;
			children = (
				1EC8591327204047005A1F3B /* VideoConverterTests.swift */,
				1EA1EEE22723145000C22C2C /* FileHelperTests.swift */,
				1EA1EEE7272438BE00C22C2C /* AudioConverterTests.swift */,
				1EA1EEEF2726B74200C22C2C /* sampleTestMP3.mp3 */,
				1E022E94273EB599006B51DF /* sampleVideoMOV.MOV */,
				1EA1EEF12726B75F00C22C2C /* sampleTestAAC.aac */,
				1EC8591527204047005A1F3B /* Info.plist */,
				1EB2C7A927312B5F004B1338 /* AVAsset+WriteAudioTests.swift */,
			);
			path = VideoConverterTests;
			sourceTree = "<group>";
		};
		1EC8591D27204047005A1F3B /* VideoConverterUITests */ = {
			isa = PBXGroup;
			children = (
				1EC8591E27204047005A1F3B /* VideoConverterUITests.swift */,
				1EC8592027204047005A1F3B /* Info.plist */,
			);
			path = VideoConverterUITests;
			sourceTree = "<group>";
		};
		1EC8592E27207419005A1F3B /* Model */ = {
			isa = PBXGroup;
			children = (
				1EC8592F27207424005A1F3B /* Audio.swift */,
			);
			path = Model;
			sourceTree = "<group>";
		};
		3176E00E75DDCE619B01EB9E /* Frameworks */ = {
			isa = PBXGroup;
			children = (
				6B60B64C24CDB733AB125400 /* Pods_VideoConverter.framework */,
				3CC7118073DE394BBB4A3C3E /* Pods_VideoConverter_VideoConverterUITests.framework */,
				E9D4D1962B10434AF7076302 /* Pods_VideoConverterTests.framework */,
			);
			name = Frameworks;
			sourceTree = "<group>";
		};
		884C408719F7B4D21269BEBE /* Pods */ = {
			isa = PBXGroup;
			children = (
				D626C3A60FB696E0D458BAC7 /* Pods-VideoConverter.debug.xcconfig */,
				40F2C999DD65474937798078 /* Pods-VideoConverter.release.xcconfig */,
				52B4BADE68F097FF9E4C42C1 /* Pods-VideoConverter-VideoConverterUITests.debug.xcconfig */,
				AC634B3A5ABDBC8A8FBC72BC /* Pods-VideoConverter-VideoConverterUITests.release.xcconfig */,
				D4D087113E2D523987DEAA11 /* Pods-VideoConverterTests.debug.xcconfig */,
				A91473968991EB15904F87D6 /* Pods-VideoConverterTests.release.xcconfig */,
			);
			path = Pods;
			sourceTree = "<group>";
		};
/* End PBXGroup section */

/* Begin PBXNativeTarget section */
		1EC858F827204043005A1F3B /* VideoConverter */ = {
			isa = PBXNativeTarget;
			buildConfigurationList = 1EC8592327204047005A1F3B /* Build configuration list for PBXNativeTarget "VideoConverter" */;
			buildPhases = (
				41644E671B796CA319A375FE /* [CP] Check Pods Manifest.lock */,
				1EC858F527204043005A1F3B /* Sources */,
				1EC858F627204043005A1F3B /* Frameworks */,
				1EC858F727204043005A1F3B /* Resources */,
			);
			buildRules = (
			);
			dependencies = (
			);
			name = VideoConverter;
			productName = VideoConverter;
			productReference = 1EC858F927204044005A1F3B /* VideoConverter.app */;
			productType = "com.apple.product-type.application";
		};
		1EC8590E27204047005A1F3B /* VideoConverterTests */ = {
			isa = PBXNativeTarget;
			buildConfigurationList = 1EC8592627204047005A1F3B /* Build configuration list for PBXNativeTarget "VideoConverterTests" */;
			buildPhases = (
				4973A0DDAA96867AE532EA62 /* [CP] Check Pods Manifest.lock */,
				1EC8590B27204047005A1F3B /* Sources */,
				1EC8590C27204047005A1F3B /* Frameworks */,
				1EC8590D27204047005A1F3B /* Resources */,
			);
			buildRules = (
			);
			dependencies = (
				1EC8591127204047005A1F3B /* PBXTargetDependency */,
			);
			name = VideoConverterTests;
			productName = VideoConverterTests;
			productReference = 1EC8590F27204047005A1F3B /* VideoConverterTests.xctest */;
			productType = "com.apple.product-type.bundle.unit-test";
		};
		1EC8591927204047005A1F3B /* VideoConverterUITests */ = {
			isa = PBXNativeTarget;
			buildConfigurationList = 1EC8592927204047005A1F3B /* Build configuration list for PBXNativeTarget "VideoConverterUITests" */;
			buildPhases = (
				814792F7C78CE5E3A642D2E4 /* [CP] Check Pods Manifest.lock */,
				1EC8591627204047005A1F3B /* Sources */,
				1EC8591727204047005A1F3B /* Frameworks */,
				1EC8591827204047005A1F3B /* Resources */,
			);
			buildRules = (
			);
			dependencies = (
				1EC8591C27204047005A1F3B /* PBXTargetDependency */,
			);
			name = VideoConverterUITests;
			productName = VideoConverterUITests;
			productReference = 1EC8591A27204047005A1F3B /* VideoConverterUITests.xctest */;
			productType = "com.apple.product-type.bundle.ui-testing";
		};
/* End PBXNativeTarget section */

/* Begin PBXProject section */
		1EC858F127204043005A1F3B /* Project object */ = {
			isa = PBXProject;
			attributes = {
				LastSwiftUpdateCheck = 1250;
				LastUpgradeCheck = 1250;
				TargetAttributes = {
					1EC858F827204043005A1F3B = {
						CreatedOnToolsVersion = 12.5;
					};
					1EC8590E27204047005A1F3B = {
						CreatedOnToolsVersion = 12.5;
						TestTargetID = 1EC858F827204043005A1F3B;
					};
					1EC8591927204047005A1F3B = {
						CreatedOnToolsVersion = 12.5;
						TestTargetID = 1EC858F827204043005A1F3B;
					};
				};
			};
			buildConfigurationList = 1EC858F427204043005A1F3B /* Build configuration list for PBXProject "VideoConverter" */;
			compatibilityVersion = "Xcode 9.3";
			developmentRegion = en;
			hasScannedForEncodings = 0;
			knownRegions = (
				en,
				Base,
			);
			mainGroup = 1EC858F027204043005A1F3B;
			productRefGroup = 1EC858FA27204044005A1F3B /* Products */;
			projectDirPath = "";
			projectRoot = "";
			targets = (
				1EC858F827204043005A1F3B /* VideoConverter */,
				1EC8590E27204047005A1F3B /* VideoConverterTests */,
				1EC8591927204047005A1F3B /* VideoConverterUITests */,
			);
		};
/* End PBXProject section */

/* Begin PBXResourcesBuildPhase section */
		1EC858F727204043005A1F3B /* Resources */ = {
			isa = PBXResourcesBuildPhase;
			buildActionMask = 2147483647;
			files = (
				1EC8590927204047005A1F3B /* LaunchScreen.storyboard in Resources */,
				1EB2C79F272FE590004B1338 /* sampleVideoMP4.mp4 in Resources */,
				1E2B406F2729CE6E006E1FEB /* sampleWAV.wav in Resources */,
				1EC8590627204047005A1F3B /* Assets.xcassets in Resources */,
				1EA1EEE62724376600C22C2C /* sampleMP3.mp3 in Resources */,
				1EC8590427204044005A1F3B /* Main.storyboard in Resources */,
			);
			runOnlyForDeploymentPostprocessing = 0;
		};
		1EC8590D27204047005A1F3B /* Resources */ = {
			isa = PBXResourcesBuildPhase;
			buildActionMask = 2147483647;
			files = (
				1E022E95273EB599006B51DF /* sampleVideoMOV.MOV in Resources */,
				1EA1EEF02726B74200C22C2C /* sampleTestMP3.mp3 in Resources */,
				1EA1EEEB27245CED00C22C2C /* sampleMP3.mp3 in Resources */,
			);
			runOnlyForDeploymentPostprocessing = 0;
		};
		1EC8591827204047005A1F3B /* Resources */ = {
			isa = PBXResourcesBuildPhase;
			buildActionMask = 2147483647;
			files = (
			);
			runOnlyForDeploymentPostprocessing = 0;
		};
/* End PBXResourcesBuildPhase section */

/* Begin PBXShellScriptBuildPhase section */
		41644E671B796CA319A375FE /* [CP] Check Pods Manifest.lock */ = {
			isa = PBXShellScriptBuildPhase;
			buildActionMask = 2147483647;
			files = (
			);
			inputFileListPaths = (
			);
			inputPaths = (
				"${PODS_PODFILE_DIR_PATH}/Podfile.lock",
				"${PODS_ROOT}/Manifest.lock",
			);
			name = "[CP] Check Pods Manifest.lock";
			outputFileListPaths = (
			);
			outputPaths = (
				"$(DERIVED_FILE_DIR)/Pods-VideoConverter-checkManifestLockResult.txt",
			);
			runOnlyForDeploymentPostprocessing = 0;
			shellPath = /bin/sh;
			shellScript = "diff \"${PODS_PODFILE_DIR_PATH}/Podfile.lock\" \"${PODS_ROOT}/Manifest.lock\" > /dev/null\nif [ $? != 0 ] ; then\n    # print error to STDERR\n    echo \"error: The sandbox is not in sync with the Podfile.lock. Run 'pod install' or update your CocoaPods installation.\" >&2\n    exit 1\nfi\n# This output is used by Xcode 'outputs' to avoid re-running this script phase.\necho \"SUCCESS\" > \"${SCRIPT_OUTPUT_FILE_0}\"\n";
			showEnvVarsInLog = 0;
		};
		4973A0DDAA96867AE532EA62 /* [CP] Check Pods Manifest.lock */ = {
			isa = PBXShellScriptBuildPhase;
			buildActionMask = 2147483647;
			files = (
			);
			inputFileListPaths = (
			);
			inputPaths = (
				"${PODS_PODFILE_DIR_PATH}/Podfile.lock",
				"${PODS_ROOT}/Manifest.lock",
			);
			name = "[CP] Check Pods Manifest.lock";
			outputFileListPaths = (
			);
			outputPaths = (
				"$(DERIVED_FILE_DIR)/Pods-VideoConverterTests-checkManifestLockResult.txt",
			);
			runOnlyForDeploymentPostprocessing = 0;
			shellPath = /bin/sh;
			shellScript = "diff \"${PODS_PODFILE_DIR_PATH}/Podfile.lock\" \"${PODS_ROOT}/Manifest.lock\" > /dev/null\nif [ $? != 0 ] ; then\n    # print error to STDERR\n    echo \"error: The sandbox is not in sync with the Podfile.lock. Run 'pod install' or update your CocoaPods installation.\" >&2\n    exit 1\nfi\n# This output is used by Xcode 'outputs' to avoid re-running this script phase.\necho \"SUCCESS\" > \"${SCRIPT_OUTPUT_FILE_0}\"\n";
			showEnvVarsInLog = 0;
		};
		814792F7C78CE5E3A642D2E4 /* [CP] Check Pods Manifest.lock */ = {
			isa = PBXShellScriptBuildPhase;
			buildActionMask = 2147483647;
			files = (
			);
			inputFileListPaths = (
			);
			inputPaths = (
				"${PODS_PODFILE_DIR_PATH}/Podfile.lock",
				"${PODS_ROOT}/Manifest.lock",
			);
			name = "[CP] Check Pods Manifest.lock";
			outputFileListPaths = (
			);
			outputPaths = (
				"$(DERIVED_FILE_DIR)/Pods-VideoConverter-VideoConverterUITests-checkManifestLockResult.txt",
			);
			runOnlyForDeploymentPostprocessing = 0;
			shellPath = /bin/sh;
			shellScript = "diff \"${PODS_PODFILE_DIR_PATH}/Podfile.lock\" \"${PODS_ROOT}/Manifest.lock\" > /dev/null\nif [ $? != 0 ] ; then\n    # print error to STDERR\n    echo \"error: The sandbox is not in sync with the Podfile.lock. Run 'pod install' or update your CocoaPods installation.\" >&2\n    exit 1\nfi\n# This output is used by Xcode 'outputs' to avoid re-running this script phase.\necho \"SUCCESS\" > \"${SCRIPT_OUTPUT_FILE_0}\"\n";
			showEnvVarsInLog = 0;
		};
/* End PBXShellScriptBuildPhase section */

/* Begin PBXSourcesBuildPhase section */
		1EC858F527204043005A1F3B /* Sources */ = {
			isa = PBXSourcesBuildPhase;
			buildActionMask = 2147483647;
			files = (
				1E9B0C292745150600150ABD /* VideoListViewController.swift in Sources */,
				1EC8593027207424005A1F3B /* Audio.swift in Sources */,
				1EB2C79D272EF2FE004B1338 /* AVAsset+WriteAudio.swift in Sources */,
				1EC8590127204044005A1F3B /* WillConvertViewController.swift in Sources */,
				1EA1EEDD2721B85800C22C2C /* AudioConverter.swift in Sources */,
				1E9B0C2B274757B700150ABD /* VideoListCollectionViewCell.swift in Sources */,
				1E17D3F12748EF8000027A82 /* PHAsset+Thumbnail.swift in Sources */,
				1E022EA827422522006B51DF /* DidConvertedTableViewController.swift in Sources */,
				1EC858FD27204044005A1F3B /* AppDelegate.swift in Sources */,
				1E022EA32741838B006B51DF /* CMTime+TimeToString.swift in Sources */,
				1E022E9D273FD62F006B51DF /* WillConvertTableViewCell.swift in Sources */,
				1E022EAA27422DB3006B51DF /* ConvertView.swift in Sources */,
				1EC858FF27204044005A1F3B /* SceneDelegate.swift in Sources */,
				1EA1EEE12723095F00C22C2C /* FileHelper.swift in Sources */,
				1E9B0C252743982200150ABD /* HeaderView.swift in Sources */,
				1E022EA0273FE18E006B51DF /* MediaView.swift in Sources */,
				1E17D3EF2748E8BE00027A82 /* TimeInterval+ToString.swift in Sources */,
			);
			runOnlyForDeploymentPostprocessing = 0;
		};
		1EC8590B27204047005A1F3B /* Sources */ = {
			isa = PBXSourcesBuildPhase;
			buildActionMask = 2147483647;
			files = (
				1EA1EEEA27245A0700C22C2C /* Audio.swift in Sources */,
				1EC8591427204047005A1F3B /* VideoConverterTests.swift in Sources */,
				1EA1EEE8272438BE00C22C2C /* AudioConverterTests.swift in Sources */,
				1EA1EEE927243C5300C22C2C /* AudioConverter.swift in Sources */,
				1EB2C7AA27312B5F004B1338 /* AVAsset+WriteAudioTests.swift in Sources */,
				1EA1EEE32723145000C22C2C /* FileHelperTests.swift in Sources */,
				1EA1EEE42723191900C22C2C /* FileHelper.swift in Sources */,
			);
			runOnlyForDeploymentPostprocessing = 0;
		};
		1EC8591627204047005A1F3B /* Sources */ = {
			isa = PBXSourcesBuildPhase;
			buildActionMask = 2147483647;
			files = (
				1EC8591F27204047005A1F3B /* VideoConverterUITests.swift in Sources */,
			);
			runOnlyForDeploymentPostprocessing = 0;
		};
/* End PBXSourcesBuildPhase section */

/* Begin PBXTargetDependency section */
		1EC8591127204047005A1F3B /* PBXTargetDependency */ = {
			isa = PBXTargetDependency;
			target = 1EC858F827204043005A1F3B /* VideoConverter */;
			targetProxy = 1EC8591027204047005A1F3B /* PBXContainerItemProxy */;
		};
		1EC8591C27204047005A1F3B /* PBXTargetDependency */ = {
			isa = PBXTargetDependency;
			target = 1EC858F827204043005A1F3B /* VideoConverter */;
			targetProxy = 1EC8591B27204047005A1F3B /* PBXContainerItemProxy */;
		};
/* End PBXTargetDependency section */

/* Begin PBXVariantGroup section */
		1EC8590227204044005A1F3B /* Main.storyboard */ = {
			isa = PBXVariantGroup;
			children = (
				1EC8590327204044005A1F3B /* Base */,
			);
			name = Main.storyboard;
			sourceTree = "<group>";
		};
		1EC8590727204047005A1F3B /* LaunchScreen.storyboard */ = {
			isa = PBXVariantGroup;
			children = (
				1EC8590827204047005A1F3B /* Base */,
			);
			name = LaunchScreen.storyboard;
			sourceTree = "<group>";
		};
/* End PBXVariantGroup section */

/* Begin XCBuildConfiguration section */
		1EC8592127204047005A1F3B /* Debug */ = {
			isa = XCBuildConfiguration;
			buildSettings = {
				ALWAYS_SEARCH_USER_PATHS = NO;
				CLANG_ANALYZER_NONNULL = YES;
				CLANG_ANALYZER_NUMBER_OBJECT_CONVERSION = YES_AGGRESSIVE;
				CLANG_CXX_LANGUAGE_STANDARD = "gnu++14";
				CLANG_CXX_LIBRARY = "libc++";
				CLANG_ENABLE_MODULES = YES;
				CLANG_ENABLE_OBJC_ARC = YES;
				CLANG_ENABLE_OBJC_WEAK = YES;
				CLANG_WARN_BLOCK_CAPTURE_AUTORELEASING = YES;
				CLANG_WARN_BOOL_CONVERSION = YES;
				CLANG_WARN_COMMA = YES;
				CLANG_WARN_CONSTANT_CONVERSION = YES;
				CLANG_WARN_DEPRECATED_OBJC_IMPLEMENTATIONS = YES;
				CLANG_WARN_DIRECT_OBJC_ISA_USAGE = YES_ERROR;
				CLANG_WARN_DOCUMENTATION_COMMENTS = YES;
				CLANG_WARN_EMPTY_BODY = YES;
				CLANG_WARN_ENUM_CONVERSION = YES;
				CLANG_WARN_INFINITE_RECURSION = YES;
				CLANG_WARN_INT_CONVERSION = YES;
				CLANG_WARN_NON_LITERAL_NULL_CONVERSION = YES;
				CLANG_WARN_OBJC_IMPLICIT_RETAIN_SELF = YES;
				CLANG_WARN_OBJC_LITERAL_CONVERSION = YES;
				CLANG_WARN_OBJC_ROOT_CLASS = YES_ERROR;
				CLANG_WARN_QUOTED_INCLUDE_IN_FRAMEWORK_HEADER = YES;
				CLANG_WARN_RANGE_LOOP_ANALYSIS = YES;
				CLANG_WARN_STRICT_PROTOTYPES = YES;
				CLANG_WARN_SUSPICIOUS_MOVE = YES;
				CLANG_WARN_UNGUARDED_AVAILABILITY = YES_AGGRESSIVE;
				CLANG_WARN_UNREACHABLE_CODE = YES;
				CLANG_WARN__DUPLICATE_METHOD_MATCH = YES;
				COPY_PHASE_STRIP = NO;
				DEBUG_INFORMATION_FORMAT = dwarf;
				ENABLE_STRICT_OBJC_MSGSEND = YES;
				ENABLE_TESTABILITY = YES;
				GCC_C_LANGUAGE_STANDARD = gnu11;
				GCC_DYNAMIC_NO_PIC = NO;
				GCC_NO_COMMON_BLOCKS = YES;
				GCC_OPTIMIZATION_LEVEL = 0;
				GCC_PREPROCESSOR_DEFINITIONS = (
					"DEBUG=1",
					"$(inherited)",
				);
				GCC_WARN_64_TO_32_BIT_CONVERSION = YES;
				GCC_WARN_ABOUT_RETURN_TYPE = YES_ERROR;
				GCC_WARN_UNDECLARED_SELECTOR = YES;
				GCC_WARN_UNINITIALIZED_AUTOS = YES_AGGRESSIVE;
				GCC_WARN_UNUSED_FUNCTION = YES;
				GCC_WARN_UNUSED_VARIABLE = YES;
				IPHONEOS_DEPLOYMENT_TARGET = 14.5;
				MTL_ENABLE_DEBUG_INFO = INCLUDE_SOURCE;
				MTL_FAST_MATH = YES;
				ONLY_ACTIVE_ARCH = YES;
				SDKROOT = iphoneos;
				SWIFT_ACTIVE_COMPILATION_CONDITIONS = DEBUG;
				SWIFT_OPTIMIZATION_LEVEL = "-Onone";
			};
			name = Debug;
		};
		1EC8592227204047005A1F3B /* Release */ = {
			isa = XCBuildConfiguration;
			buildSettings = {
				ALWAYS_SEARCH_USER_PATHS = NO;
				CLANG_ANALYZER_NONNULL = YES;
				CLANG_ANALYZER_NUMBER_OBJECT_CONVERSION = YES_AGGRESSIVE;
				CLANG_CXX_LANGUAGE_STANDARD = "gnu++14";
				CLANG_CXX_LIBRARY = "libc++";
				CLANG_ENABLE_MODULES = YES;
				CLANG_ENABLE_OBJC_ARC = YES;
				CLANG_ENABLE_OBJC_WEAK = YES;
				CLANG_WARN_BLOCK_CAPTURE_AUTORELEASING = YES;
				CLANG_WARN_BOOL_CONVERSION = YES;
				CLANG_WARN_COMMA = YES;
				CLANG_WARN_CONSTANT_CONVERSION = YES;
				CLANG_WARN_DEPRECATED_OBJC_IMPLEMENTATIONS = YES;
				CLANG_WARN_DIRECT_OBJC_ISA_USAGE = YES_ERROR;
				CLANG_WARN_DOCUMENTATION_COMMENTS = YES;
				CLANG_WARN_EMPTY_BODY = YES;
				CLANG_WARN_ENUM_CONVERSION = YES;
				CLANG_WARN_INFINITE_RECURSION = YES;
				CLANG_WARN_INT_CONVERSION = YES;
				CLANG_WARN_NON_LITERAL_NULL_CONVERSION = YES;
				CLANG_WARN_OBJC_IMPLICIT_RETAIN_SELF = YES;
				CLANG_WARN_OBJC_LITERAL_CONVERSION = YES;
				CLANG_WARN_OBJC_ROOT_CLASS = YES_ERROR;
				CLANG_WARN_QUOTED_INCLUDE_IN_FRAMEWORK_HEADER = YES;
				CLANG_WARN_RANGE_LOOP_ANALYSIS = YES;
				CLANG_WARN_STRICT_PROTOTYPES = YES;
				CLANG_WARN_SUSPICIOUS_MOVE = YES;
				CLANG_WARN_UNGUARDED_AVAILABILITY = YES_AGGRESSIVE;
				CLANG_WARN_UNREACHABLE_CODE = YES;
				CLANG_WARN__DUPLICATE_METHOD_MATCH = YES;
				COPY_PHASE_STRIP = NO;
				DEBUG_INFORMATION_FORMAT = "dwarf-with-dsym";
				ENABLE_NS_ASSERTIONS = NO;
				ENABLE_STRICT_OBJC_MSGSEND = YES;
				GCC_C_LANGUAGE_STANDARD = gnu11;
				GCC_NO_COMMON_BLOCKS = YES;
				GCC_WARN_64_TO_32_BIT_CONVERSION = YES;
				GCC_WARN_ABOUT_RETURN_TYPE = YES_ERROR;
				GCC_WARN_UNDECLARED_SELECTOR = YES;
				GCC_WARN_UNINITIALIZED_AUTOS = YES_AGGRESSIVE;
				GCC_WARN_UNUSED_FUNCTION = YES;
				GCC_WARN_UNUSED_VARIABLE = YES;
				IPHONEOS_DEPLOYMENT_TARGET = 14.5;
				MTL_ENABLE_DEBUG_INFO = NO;
				MTL_FAST_MATH = YES;
				SDKROOT = iphoneos;
				SWIFT_COMPILATION_MODE = wholemodule;
				SWIFT_OPTIMIZATION_LEVEL = "-O";
				VALIDATE_PRODUCT = YES;
			};
			name = Release;
		};
		1EC8592427204047005A1F3B /* Debug */ = {
			isa = XCBuildConfiguration;
			baseConfigurationReference = D626C3A60FB696E0D458BAC7 /* Pods-VideoConverter.debug.xcconfig */;
			buildSettings = {
				ASSETCATALOG_COMPILER_APPICON_NAME = AppIcon;
				ASSETCATALOG_COMPILER_GLOBAL_ACCENT_COLOR_NAME = AccentColor;
				CODE_SIGN_STYLE = Automatic;
				INFOPLIST_FILE = VideoConverter/Info.plist;
				LD_RUNPATH_SEARCH_PATHS = (
					"$(inherited)",
					"@executable_path/Frameworks",
				);
				PRODUCT_BUNDLE_IDENTIFIER = HongzCloud.VideoConverter;
				PRODUCT_NAME = "$(TARGET_NAME)";
				SWIFT_VERSION = 5.0;
				TARGETED_DEVICE_FAMILY = "1,2";
			};
			name = Debug;
		};
		1EC8592527204047005A1F3B /* Release */ = {
			isa = XCBuildConfiguration;
			baseConfigurationReference = 40F2C999DD65474937798078 /* Pods-VideoConverter.release.xcconfig */;
			buildSettings = {
				ASSETCATALOG_COMPILER_APPICON_NAME = AppIcon;
				ASSETCATALOG_COMPILER_GLOBAL_ACCENT_COLOR_NAME = AccentColor;
				CODE_SIGN_STYLE = Automatic;
				INFOPLIST_FILE = VideoConverter/Info.plist;
				LD_RUNPATH_SEARCH_PATHS = (
					"$(inherited)",
					"@executable_path/Frameworks",
				);
				PRODUCT_BUNDLE_IDENTIFIER = HongzCloud.VideoConverter;
				PRODUCT_NAME = "$(TARGET_NAME)";
				SWIFT_VERSION = 5.0;
				TARGETED_DEVICE_FAMILY = "1,2";
			};
			name = Release;
		};
		1EC8592727204047005A1F3B /* Debug */ = {
			isa = XCBuildConfiguration;
			baseConfigurationReference = D4D087113E2D523987DEAA11 /* Pods-VideoConverterTests.debug.xcconfig */;
			buildSettings = {
				ALWAYS_EMBED_SWIFT_STANDARD_LIBRARIES = YES;
				BUNDLE_LOADER = "$(TEST_HOST)";
				CODE_SIGN_STYLE = Automatic;
				INFOPLIST_FILE = VideoConverterTests/Info.plist;
				IPHONEOS_DEPLOYMENT_TARGET = 14.5;
				LD_RUNPATH_SEARCH_PATHS = (
					"$(inherited)",
					"@executable_path/Frameworks",
					"@loader_path/Frameworks",
				);
				PRODUCT_BUNDLE_IDENTIFIER = HongzCloud.VideoConverterTests;
				PRODUCT_NAME = "$(TARGET_NAME)";
				SWIFT_VERSION = 5.0;
				TARGETED_DEVICE_FAMILY = "1,2";
				TEST_HOST = "$(BUILT_PRODUCTS_DIR)/VideoConverter.app/VideoConverter";
			};
			name = Debug;
		};
		1EC8592827204047005A1F3B /* Release */ = {
			isa = XCBuildConfiguration;
			baseConfigurationReference = A91473968991EB15904F87D6 /* Pods-VideoConverterTests.release.xcconfig */;
			buildSettings = {
				ALWAYS_EMBED_SWIFT_STANDARD_LIBRARIES = YES;
				BUNDLE_LOADER = "$(TEST_HOST)";
				CODE_SIGN_STYLE = Automatic;
				INFOPLIST_FILE = VideoConverterTests/Info.plist;
				IPHONEOS_DEPLOYMENT_TARGET = 14.5;
				LD_RUNPATH_SEARCH_PATHS = (
					"$(inherited)",
					"@executable_path/Frameworks",
					"@loader_path/Frameworks",
				);
				PRODUCT_BUNDLE_IDENTIFIER = HongzCloud.VideoConverterTests;
				PRODUCT_NAME = "$(TARGET_NAME)";
				SWIFT_VERSION = 5.0;
				TARGETED_DEVICE_FAMILY = "1,2";
				TEST_HOST = "$(BUILT_PRODUCTS_DIR)/VideoConverter.app/VideoConverter";
			};
			name = Release;
		};
		1EC8592A27204047005A1F3B /* Debug */ = {
			isa = XCBuildConfiguration;
			baseConfigurationReference = 52B4BADE68F097FF9E4C42C1 /* Pods-VideoConverter-VideoConverterUITests.debug.xcconfig */;
			buildSettings = {
				ALWAYS_EMBED_SWIFT_STANDARD_LIBRARIES = YES;
				CODE_SIGN_STYLE = Automatic;
				INFOPLIST_FILE = VideoConverterUITests/Info.plist;
				LD_RUNPATH_SEARCH_PATHS = (
					"$(inherited)",
					"@executable_path/Frameworks",
					"@loader_path/Frameworks",
				);
				PRODUCT_BUNDLE_IDENTIFIER = HongzCloud.VideoConverterUITests;
				PRODUCT_NAME = "$(TARGET_NAME)";
				SWIFT_VERSION = 5.0;
				TARGETED_DEVICE_FAMILY = "1,2";
				TEST_TARGET_NAME = VideoConverter;
			};
			name = Debug;
		};
		1EC8592B27204047005A1F3B /* Release */ = {
			isa = XCBuildConfiguration;
			baseConfigurationReference = AC634B3A5ABDBC8A8FBC72BC /* Pods-VideoConverter-VideoConverterUITests.release.xcconfig */;
			buildSettings = {
				ALWAYS_EMBED_SWIFT_STANDARD_LIBRARIES = YES;
				CODE_SIGN_STYLE = Automatic;
				INFOPLIST_FILE = VideoConverterUITests/Info.plist;
				LD_RUNPATH_SEARCH_PATHS = (
					"$(inherited)",
					"@executable_path/Frameworks",
					"@loader_path/Frameworks",
				);
				PRODUCT_BUNDLE_IDENTIFIER = HongzCloud.VideoConverterUITests;
				PRODUCT_NAME = "$(TARGET_NAME)";
				SWIFT_VERSION = 5.0;
				TARGETED_DEVICE_FAMILY = "1,2";
				TEST_TARGET_NAME = VideoConverter;
			};
			name = Release;
		};
/* End XCBuildConfiguration section */

/* Begin XCConfigurationList section */
		1EC858F427204043005A1F3B /* Build configuration list for PBXProject "VideoConverter" */ = {
			isa = XCConfigurationList;
			buildConfigurations = (
				1EC8592127204047005A1F3B /* Debug */,
				1EC8592227204047005A1F3B /* Release */,
			);
			defaultConfigurationIsVisible = 0;
			defaultConfigurationName = Release;
		};
		1EC8592327204047005A1F3B /* Build configuration list for PBXNativeTarget "VideoConverter" */ = {
			isa = XCConfigurationList;
			buildConfigurations = (
				1EC8592427204047005A1F3B /* Debug */,
				1EC8592527204047005A1F3B /* Release */,
			);
			defaultConfigurationIsVisible = 0;
			defaultConfigurationName = Release;
		};
		1EC8592627204047005A1F3B /* Build configuration list for PBXNativeTarget "VideoConverterTests" */ = {
			isa = XCConfigurationList;
			buildConfigurations = (
				1EC8592727204047005A1F3B /* Debug */,
				1EC8592827204047005A1F3B /* Release */,
			);
			defaultConfigurationIsVisible = 0;
			defaultConfigurationName = Release;
		};
		1EC8592927204047005A1F3B /* Build configuration list for PBXNativeTarget "VideoConverterUITests" */ = {
			isa = XCConfigurationList;
			buildConfigurations = (
				1EC8592A27204047005A1F3B /* Debug */,
				1EC8592B27204047005A1F3B /* Release */,
			);
			defaultConfigurationIsVisible = 0;
			defaultConfigurationName = Release;
		};
/* End XCConfigurationList section */
	};
	rootObject = 1EC858F127204043005A1F3B /* Project object */;
}
